// !$*UTF8*$!
{
	archiveVersion = 1;
	classes = {
	};
	objectVersion = 51;
	objects = {

/* Begin PBXBuildFile section */
		4C62368025C94C3D007366EE /* AppDelegate.m in Sources */ = {isa = PBXBuildFile; fileRef = 4C62367F25C94C3D007366EE /* AppDelegate.m */; };
		4C62368625C94C3D007366EE /* ViewController.m in Sources */ = {isa = PBXBuildFile; fileRef = 4C62368525C94C3D007366EE /* ViewController.m */; };
		4C62368925C94C3D007366EE /* Main.storyboard in Resources */ = {isa = PBXBuildFile; fileRef = 4C62368725C94C3D007366EE /* Main.storyboard */; };
		4C62368B25C94C3E007366EE /* Assets.xcassets in Resources */ = {isa = PBXBuildFile; fileRef = 4C62368A25C94C3E007366EE /* Assets.xcassets */; };
		4C62368E25C94C3E007366EE /* LaunchScreen.storyboard in Resources */ = {isa = PBXBuildFile; fileRef = 4C62368C25C94C3E007366EE /* LaunchScreen.storyboard */; };
		4C62369125C94C3E007366EE /* main.m in Sources */ = {isa = PBXBuildFile; fileRef = 4C62369025C94C3E007366EE /* main.m */; };
		4C62369B25C94C3E007366EE /* ObjcToolsTests.m in Sources */ = {isa = PBXBuildFile; fileRef = 4C62369A25C94C3E007366EE /* ObjcToolsTests.m */; };
		4C6236A625C94C3E007366EE /* ObjcToolsUITests.m in Sources */ = {isa = PBXBuildFile; fileRef = 4C6236A525C94C3E007366EE /* ObjcToolsUITests.m */; };
		4C6236E825C9581E007366EE /* BaseModel.m in Sources */ = {isa = PBXBuildFile; fileRef = 4C6236E725C9581E007366EE /* BaseModel.m */; };
		4C6236F225C9585E007366EE /* WEGBaseView.m in Sources */ = {isa = PBXBuildFile; fileRef = 4C6236F125C9585E007366EE /* WEGBaseView.m */; };
		4C6236FB25C9586F007366EE /* WEGBaseAlertView.m in Sources */ = {isa = PBXBuildFile; fileRef = 4C6236FA25C9586F007366EE /* WEGBaseAlertView.m */; };
		4C62370225C958A4007366EE /* WEGBaseViewController.m in Sources */ = {isa = PBXBuildFile; fileRef = 4C62370125C958A4007366EE /* WEGBaseViewController.m */; };
		4C62370825C958C7007366EE /* WEGExcessiveViewController.m in Sources */ = {isa = PBXBuildFile; fileRef = 4C62370725C958C7007366EE /* WEGExcessiveViewController.m */; };
		4C62371B25C95B93007366EE /* NSString+Extension.m in Sources */ = {isa = PBXBuildFile; fileRef = 4C62371A25C95B93007366EE /* NSString+Extension.m */; };
		4C62372825C95BDF007366EE /* UIImageView+Extension.m in Sources */ = {isa = PBXBuildFile; fileRef = 4C62372725C95BDF007366EE /* UIImageView+Extension.m */; };
		4C62372E25C95BE6007366EE /* UIImage+Extension.m in Sources */ = {isa = PBXBuildFile; fileRef = 4C62372D25C95BE6007366EE /* UIImage+Extension.m */; };
		4C62373525C95C27007366EE /* UIView+Extension.m in Sources */ = {isa = PBXBuildFile; fileRef = 4C62373425C95C27007366EE /* UIView+Extension.m */; };
		4C62373B25C95C31007366EE /* UIFont+Extension.m in Sources */ = {isa = PBXBuildFile; fileRef = 4C62373A25C95C31007366EE /* UIFont+Extension.m */; };
		4C62374125C95C3B007366EE /* UIColor+Extension.m in Sources */ = {isa = PBXBuildFile; fileRef = 4C62374025C95C3B007366EE /* UIColor+Extension.m */; };
		4C62374725C95C45007366EE /* UILabel+Extension.m in Sources */ = {isa = PBXBuildFile; fileRef = 4C62374625C95C45007366EE /* UILabel+Extension.m */; };
		4C62374D25C95C52007366EE /* UIButton+Extension.m in Sources */ = {isa = PBXBuildFile; fileRef = 4C62374C25C95C52007366EE /* UIButton+Extension.m */; };
		4C62375325C95C60007366EE /* NSDate+Extension.m in Sources */ = {isa = PBXBuildFile; fileRef = 4C62375225C95C60007366EE /* NSDate+Extension.m */; };
		4C62375925C95C70007366EE /* UICollectionView+Extension.m in Sources */ = {isa = PBXBuildFile; fileRef = 4C62375825C95C70007366EE /* UICollectionView+Extension.m */; };
		4C62375F25C95C76007366EE /* UICollectionViewCell+Extension.m in Sources */ = {isa = PBXBuildFile; fileRef = 4C62375E25C95C76007366EE /* UICollectionViewCell+Extension.m */; };
		4C62376525C95C7E007366EE /* UITableView+Extension.m in Sources */ = {isa = PBXBuildFile; fileRef = 4C62376425C95C7E007366EE /* UITableView+Extension.m */; };
		4C62376B25C95C85007366EE /* UITableViewCell+Extension.m in Sources */ = {isa = PBXBuildFile; fileRef = 4C62376A25C95C85007366EE /* UITableViewCell+Extension.m */; };
		4C62377125C95C92007366EE /* UICollectionReusableView+Extension.m in Sources */ = {isa = PBXBuildFile; fileRef = 4C62377025C95C92007366EE /* UICollectionReusableView+Extension.m */; };
		4C62377725C95CAF007366EE /* UIViewController+Extension.m in Sources */ = {isa = PBXBuildFile; fileRef = 4C62377625C95CAF007366EE /* UIViewController+Extension.m */; };
		4C62378725C95DD1007366EE /* Test.swift in Sources */ = {isa = PBXBuildFile; fileRef = 4C62378625C95DD1007366EE /* Test.swift */; };
		4C62379D25C95E66007366EE /* UtilsMacro.m in Sources */ = {isa = PBXBuildFile; fileRef = 4C62379C25C95E66007366EE /* UtilsMacro.m */; };
		4C6237A925C95FEA007366EE /* Constants.m in Sources */ = {isa = PBXBuildFile; fileRef = 4C6237A825C95FEA007366EE /* Constants.m */; };
		4C6238A225CB8442007366EE /* AppDelegate+Extension.m in Sources */ = {isa = PBXBuildFile; fileRef = 4C6238A125CB8442007366EE /* AppDelegate+Extension.m */; };
		4C62395925CBC106007366EE /* BaseTabBarController.m in Sources */ = {isa = PBXBuildFile; fileRef = 4C62395825CBC106007366EE /* BaseTabBarController.m */; };
		4C62395F25CBC14D007366EE /* BaseTabBar.m in Sources */ = {isa = PBXBuildFile; fileRef = 4C62395E25CBC14D007366EE /* BaseTabBar.m */; };
		4C62396625CBC202007366EE /* XHMarketManager.m in Sources */ = {isa = PBXBuildFile; fileRef = 4C62396525CBC202007366EE /* XHMarketManager.m */; };
		4C6239B325CBD2C9007366EE /* XHHomeViewController.m in Sources */ = {isa = PBXBuildFile; fileRef = 4C6239B225CBD2C9007366EE /* XHHomeViewController.m */; };
		4C6239B925CBD2D2007366EE /* XHFindViewController.m in Sources */ = {isa = PBXBuildFile; fileRef = 4C6239B825CBD2D2007366EE /* XHFindViewController.m */; };
		4C6239BF25CBD2D9007366EE /* XHMessageViewController.m in Sources */ = {isa = PBXBuildFile; fileRef = 4C6239BE25CBD2D9007366EE /* XHMessageViewController.m */; };
		4C6239C625CBD2F0007366EE /* XHMeViewController.m in Sources */ = {isa = PBXBuildFile; fileRef = 4C6239C525CBD2F0007366EE /* XHMeViewController.m */; };
		4C6239D025CBD3D9007366EE /* XHHUDTools.m in Sources */ = {isa = PBXBuildFile; fileRef = 4C6239CF25CBD3D9007366EE /* XHHUDTools.m */; };
		4C623A7225CBD9F7007366EE /* UIView+Addition.m in Sources */ = {isa = PBXBuildFile; fileRef = 4C623A7125CBD9F7007366EE /* UIView+Addition.m */; };
		4C623A7925CBDB35007366EE /* XHProtocolResolver.m in Sources */ = {isa = PBXBuildFile; fileRef = 4C623A7825CBDB35007366EE /* XHProtocolResolver.m */; };
		4C623A8025CBDBB4007366EE /* JPushInstance.m in Sources */ = {isa = PBXBuildFile; fileRef = 4C623A7F25CBDBB4007366EE /* JPushInstance.m */; };
		4C623A8A25CBDDE1007366EE /* NSDictionary+SafeObject.m in Sources */ = {isa = PBXBuildFile; fileRef = 4C623A8925CBDDE1007366EE /* NSDictionary+SafeObject.m */; };
		4C623A9325CBDE16007366EE /* NSDictionary+Extension.m in Sources */ = {isa = PBXBuildFile; fileRef = 4C623A9225CBDE16007366EE /* NSDictionary+Extension.m */; };
		4C623A9A25CBDE70007366EE /* NSArray+Extension.m in Sources */ = {isa = PBXBuildFile; fileRef = 4C623A9925CBDE70007366EE /* NSArray+Extension.m */; };
		4C623AA325CBDE8D007366EE /* NSArray+SafeObjectAt.m in Sources */ = {isa = PBXBuildFile; fileRef = 4C623AA225CBDE8D007366EE /* NSArray+SafeObjectAt.m */; };
		4C623AA925CBDED8007366EE /* NullSafe.m in Sources */ = {isa = PBXBuildFile; fileRef = 4C623AA825CBDED8007366EE /* NullSafe.m */; };
		4C623AB125CBE2C4007366EE /* ThirdExtension.swift in Sources */ = {isa = PBXBuildFile; fileRef = 4C623AB025CBE2C4007366EE /* ThirdExtension.swift */; };
		4C623AB825CBE3D3007366EE /* ToolInstance.swift in Sources */ = {isa = PBXBuildFile; fileRef = 4C623AB725CBE3D3007366EE /* ToolInstance.swift */; };
		4C623AC125CBE47A007366EE /* Color+Extension.swift in Sources */ = {isa = PBXBuildFile; fileRef = 4C623AC025CBE47A007366EE /* Color+Extension.swift */; };
		4C623ACB25CBEEEA007366EE /* WEGBaseScrollViewController.m in Sources */ = {isa = PBXBuildFile; fileRef = 4C623ACA25CBEEEA007366EE /* WEGBaseScrollViewController.m */; };
		4C623AD125CBEEF3007366EE /* WEGBaseTBViewController.m in Sources */ = {isa = PBXBuildFile; fileRef = 4C623AD025CBEEF3007366EE /* WEGBaseTBViewController.m */; };
		4C623AD725CBEEFC007366EE /* WEGBaseCLViewController.m in Sources */ = {isa = PBXBuildFile; fileRef = 4C623AD625CBEEFC007366EE /* WEGBaseCLViewController.m */; };
		4C623AE125CBF32B007366EE /* live_poll_loading.gif in Resources */ = {isa = PBXBuildFile; fileRef = 4C623AE025CBF32B007366EE /* live_poll_loading.gif */; };
		4C623B2B25CBF444007366EE /* UIView+Animation.m in Sources */ = {isa = PBXBuildFile; fileRef = 4C623B2A25CBF444007366EE /* UIView+Animation.m */; };
		4C623B3125CBF483007366EE /* UIImage+Common.m in Sources */ = {isa = PBXBuildFile; fileRef = 4C623B3025CBF483007366EE /* UIImage+Common.m */; };
		4C623B3725CBF4AD007366EE /* UIImage+Alpha.m in Sources */ = {isa = PBXBuildFile; fileRef = 4C623B3625CBF4AD007366EE /* UIImage+Alpha.m */; };
		4C623B4725CBF503007366EE /* XHPathUtility.m in Sources */ = {isa = PBXBuildFile; fileRef = 4C623B4625CBF503007366EE /* XHPathUtility.m */; };
		4C623B5025CBF618007366EE /* NSString+Common.m in Sources */ = {isa = PBXBuildFile; fileRef = 4C623B4F25CBF618007366EE /* NSString+Common.m */; };
		4C623B5625CBF6B4007366EE /* NSData+Common.m in Sources */ = {isa = PBXBuildFile; fileRef = 4C623B5525CBF6B4007366EE /* NSData+Common.m */; };
		4C623B5D25CBF721007366EE /* GTMBase64.m in Sources */ = {isa = PBXBuildFile; fileRef = 4C623B5C25CBF721007366EE /* GTMBase64.m */; };
		4C623B6425CBF802007366EE /* WEGBaseTBCell.m in Sources */ = {isa = PBXBuildFile; fileRef = 4C623B6325CBF802007366EE /* WEGBaseTBCell.m */; };
		4C623B6A25CBF80C007366EE /* WEGBaseCLCell.m in Sources */ = {isa = PBXBuildFile; fileRef = 4C623B6925CBF80C007366EE /* WEGBaseCLCell.m */; };
		4C623B7025CBF862007366EE /* XHHomeViewCell.m in Sources */ = {isa = PBXBuildFile; fileRef = 4C623B6F25CBF862007366EE /* XHHomeViewCell.m */; };
		4C623B7C25CBFBE7007366EE /* JsonInstance.m in Sources */ = {isa = PBXBuildFile; fileRef = 4C623B7B25CBFBE7007366EE /* JsonInstance.m */; };
		4C623B8525CBFC6A007366EE /* XH_Home_list.json in Resources */ = {isa = PBXBuildFile; fileRef = 4C623B8425CBFC6A007366EE /* XH_Home_list.json */; };
		4C623BD025CCCF2C007366EE /* XHHomeViewModel.m in Sources */ = {isa = PBXBuildFile; fileRef = 4C623BCF25CCCF2C007366EE /* XHHomeViewModel.m */; };
		4C623BD725CCD18C007366EE /* ScreenShotViewController.m in Sources */ = {isa = PBXBuildFile; fileRef = 4C623BD625CCD18C007366EE /* ScreenShotViewController.m */; };
		4C623BE425CCD507007366EE /* BaseWebViewController.m in Sources */ = {isa = PBXBuildFile; fileRef = 4C623BE325CCD507007366EE /* BaseWebViewController.m */; };
		4C623BEB25CCD584007366EE /* BaseWebViewModel.m in Sources */ = {isa = PBXBuildFile; fileRef = 4C623BEA25CCD584007366EE /* BaseWebViewModel.m */; };
		4C623BF525CCD6A1007366EE /* NSObject+Extension.m in Sources */ = {isa = PBXBuildFile; fileRef = 4C623BF425CCD6A1007366EE /* NSObject+Extension.m */; };
		4C623BFD25CCD815007366EE /* WebKit.framework in Frameworks */ = {isa = PBXBuildFile; fileRef = 4C623BFC25CCD815007366EE /* WebKit.framework */; };
		4C623C4825CCDC0C007366EE /* UIResponder+Extension.m in Sources */ = {isa = PBXBuildFile; fileRef = 4C623C4725CCDC0C007366EE /* UIResponder+Extension.m */; };
		4C623C5125CCDE23007366EE /* UINavigationController+Extension.m in Sources */ = {isa = PBXBuildFile; fileRef = 4C623C5025CCDE23007366EE /* UINavigationController+Extension.m */; };
		4C623C5725CCDFDB007366EE /* BaseNavigationViewController.m in Sources */ = {isa = PBXBuildFile; fileRef = 4C623C5625CCDFDB007366EE /* BaseNavigationViewController.m */; };
		4C623C6325CCEB8B007366EE /* UIButton+Action.m in Sources */ = {isa = PBXBuildFile; fileRef = 4C623C6225CCEB8B007366EE /* UIButton+Action.m */; };
		4C623D2D25CD4DFC007366EE /* XHRACViewController.m in Sources */ = {isa = PBXBuildFile; fileRef = 4C623D2C25CD4DFC007366EE /* XHRACViewController.m */; };
		A5D9D7A21281EF81D8416F18 /* Pods_ObjcTools.framework in Frameworks */ = {isa = PBXBuildFile; fileRef = B61E26342B502838FAD8B445 /* Pods_ObjcTools.framework */; };
/* End PBXBuildFile section */

/* Begin PBXContainerItemProxy section */
		4C62369725C94C3E007366EE /* PBXContainerItemProxy */ = {
			isa = PBXContainerItemProxy;
			containerPortal = 4C62367325C94C3D007366EE /* Project object */;
			proxyType = 1;
			remoteGlobalIDString = 4C62367A25C94C3D007366EE;
			remoteInfo = ObjcTools;
		};
		4C6236A225C94C3E007366EE /* PBXContainerItemProxy */ = {
			isa = PBXContainerItemProxy;
			containerPortal = 4C62367325C94C3D007366EE /* Project object */;
			proxyType = 1;
			remoteGlobalIDString = 4C62367A25C94C3D007366EE;
			remoteInfo = ObjcTools;
		};
/* End PBXContainerItemProxy section */

/* Begin PBXFileReference section */
		4C62367B25C94C3D007366EE /* ObjcTools.app */ = {isa = PBXFileReference; explicitFileType = wrapper.application; includeInIndex = 0; path = ObjcTools.app; sourceTree = BUILT_PRODUCTS_DIR; };
		4C62367E25C94C3D007366EE /* AppDelegate.h */ = {isa = PBXFileReference; lastKnownFileType = sourcecode.c.h; path = AppDelegate.h; sourceTree = "<group>"; };
		4C62367F25C94C3D007366EE /* AppDelegate.m */ = {isa = PBXFileReference; lastKnownFileType = sourcecode.c.objc; path = AppDelegate.m; sourceTree = "<group>"; };
		4C62368425C94C3D007366EE /* ViewController.h */ = {isa = PBXFileReference; lastKnownFileType = sourcecode.c.h; path = ViewController.h; sourceTree = "<group>"; };
		4C62368525C94C3D007366EE /* ViewController.m */ = {isa = PBXFileReference; lastKnownFileType = sourcecode.c.objc; path = ViewController.m; sourceTree = "<group>"; };
		4C62368825C94C3D007366EE /* Base */ = {isa = PBXFileReference; lastKnownFileType = file.storyboard; name = Base; path = Base.lproj/Main.storyboard; sourceTree = "<group>"; };
		4C62368A25C94C3E007366EE /* Assets.xcassets */ = {isa = PBXFileReference; lastKnownFileType = folder.assetcatalog; path = Assets.xcassets; sourceTree = "<group>"; };
		4C62368D25C94C3E007366EE /* Base */ = {isa = PBXFileReference; lastKnownFileType = file.storyboard; name = Base; path = Base.lproj/LaunchScreen.storyboard; sourceTree = "<group>"; };
		4C62368F25C94C3E007366EE /* Info.plist */ = {isa = PBXFileReference; lastKnownFileType = text.plist.xml; path = Info.plist; sourceTree = "<group>"; };
		4C62369025C94C3E007366EE /* main.m */ = {isa = PBXFileReference; lastKnownFileType = sourcecode.c.objc; path = main.m; sourceTree = "<group>"; };
		4C62369625C94C3E007366EE /* ObjcToolsTests.xctest */ = {isa = PBXFileReference; explicitFileType = wrapper.cfbundle; includeInIndex = 0; path = ObjcToolsTests.xctest; sourceTree = BUILT_PRODUCTS_DIR; };
		4C62369A25C94C3E007366EE /* ObjcToolsTests.m */ = {isa = PBXFileReference; lastKnownFileType = sourcecode.c.objc; path = ObjcToolsTests.m; sourceTree = "<group>"; };
		4C62369C25C94C3E007366EE /* Info.plist */ = {isa = PBXFileReference; lastKnownFileType = text.plist.xml; path = Info.plist; sourceTree = "<group>"; };
		4C6236A125C94C3E007366EE /* ObjcToolsUITests.xctest */ = {isa = PBXFileReference; explicitFileType = wrapper.cfbundle; includeInIndex = 0; path = ObjcToolsUITests.xctest; sourceTree = BUILT_PRODUCTS_DIR; };
		4C6236A525C94C3E007366EE /* ObjcToolsUITests.m */ = {isa = PBXFileReference; lastKnownFileType = sourcecode.c.objc; path = ObjcToolsUITests.m; sourceTree = "<group>"; };
		4C6236A725C94C3E007366EE /* Info.plist */ = {isa = PBXFileReference; lastKnownFileType = text.plist.xml; path = Info.plist; sourceTree = "<group>"; };
		4C6236E625C9581E007366EE /* BaseModel.h */ = {isa = PBXFileReference; lastKnownFileType = sourcecode.c.h; path = BaseModel.h; sourceTree = "<group>"; };
		4C6236E725C9581E007366EE /* BaseModel.m */ = {isa = PBXFileReference; lastKnownFileType = sourcecode.c.objc; path = BaseModel.m; sourceTree = "<group>"; };
		4C6236F025C9585E007366EE /* WEGBaseView.h */ = {isa = PBXFileReference; lastKnownFileType = sourcecode.c.h; path = WEGBaseView.h; sourceTree = "<group>"; };
		4C6236F125C9585E007366EE /* WEGBaseView.m */ = {isa = PBXFileReference; lastKnownFileType = sourcecode.c.objc; path = WEGBaseView.m; sourceTree = "<group>"; };
		4C6236F925C9586F007366EE /* WEGBaseAlertView.h */ = {isa = PBXFileReference; lastKnownFileType = sourcecode.c.h; path = WEGBaseAlertView.h; sourceTree = "<group>"; };
		4C6236FA25C9586F007366EE /* WEGBaseAlertView.m */ = {isa = PBXFileReference; lastKnownFileType = sourcecode.c.objc; path = WEGBaseAlertView.m; sourceTree = "<group>"; };
		4C62370025C958A4007366EE /* WEGBaseViewController.h */ = {isa = PBXFileReference; lastKnownFileType = sourcecode.c.h; path = WEGBaseViewController.h; sourceTree = "<group>"; };
		4C62370125C958A4007366EE /* WEGBaseViewController.m */ = {isa = PBXFileReference; lastKnownFileType = sourcecode.c.objc; path = WEGBaseViewController.m; sourceTree = "<group>"; };
		4C62370625C958C7007366EE /* WEGExcessiveViewController.h */ = {isa = PBXFileReference; lastKnownFileType = sourcecode.c.h; path = WEGExcessiveViewController.h; sourceTree = "<group>"; };
		4C62370725C958C7007366EE /* WEGExcessiveViewController.m */ = {isa = PBXFileReference; lastKnownFileType = sourcecode.c.objc; path = WEGExcessiveViewController.m; sourceTree = "<group>"; };
		4C62371825C95B72007366EE /* UIExtension.h */ = {isa = PBXFileReference; lastKnownFileType = sourcecode.c.h; path = UIExtension.h; sourceTree = "<group>"; };
		4C62371925C95B93007366EE /* NSString+Extension.h */ = {isa = PBXFileReference; lastKnownFileType = sourcecode.c.h; path = "NSString+Extension.h"; sourceTree = "<group>"; };
		4C62371A25C95B93007366EE /* NSString+Extension.m */ = {isa = PBXFileReference; lastKnownFileType = sourcecode.c.objc; path = "NSString+Extension.m"; sourceTree = "<group>"; };
		4C62372625C95BDF007366EE /* UIImageView+Extension.h */ = {isa = PBXFileReference; lastKnownFileType = sourcecode.c.h; path = "UIImageView+Extension.h"; sourceTree = "<group>"; };
		4C62372725C95BDF007366EE /* UIImageView+Extension.m */ = {isa = PBXFileReference; lastKnownFileType = sourcecode.c.objc; path = "UIImageView+Extension.m"; sourceTree = "<group>"; };
		4C62372C25C95BE6007366EE /* UIImage+Extension.h */ = {isa = PBXFileReference; lastKnownFileType = sourcecode.c.h; path = "UIImage+Extension.h"; sourceTree = "<group>"; };
		4C62372D25C95BE6007366EE /* UIImage+Extension.m */ = {isa = PBXFileReference; lastKnownFileType = sourcecode.c.objc; path = "UIImage+Extension.m"; sourceTree = "<group>"; };
		4C62373325C95C27007366EE /* UIView+Extension.h */ = {isa = PBXFileReference; lastKnownFileType = sourcecode.c.h; path = "UIView+Extension.h"; sourceTree = "<group>"; };
		4C62373425C95C27007366EE /* UIView+Extension.m */ = {isa = PBXFileReference; lastKnownFileType = sourcecode.c.objc; path = "UIView+Extension.m"; sourceTree = "<group>"; };
		4C62373925C95C31007366EE /* UIFont+Extension.h */ = {isa = PBXFileReference; lastKnownFileType = sourcecode.c.h; path = "UIFont+Extension.h"; sourceTree = "<group>"; };
		4C62373A25C95C31007366EE /* UIFont+Extension.m */ = {isa = PBXFileReference; lastKnownFileType = sourcecode.c.objc; path = "UIFont+Extension.m"; sourceTree = "<group>"; };
		4C62373F25C95C3B007366EE /* UIColor+Extension.h */ = {isa = PBXFileReference; lastKnownFileType = sourcecode.c.h; path = "UIColor+Extension.h"; sourceTree = "<group>"; };
		4C62374025C95C3B007366EE /* UIColor+Extension.m */ = {isa = PBXFileReference; lastKnownFileType = sourcecode.c.objc; path = "UIColor+Extension.m"; sourceTree = "<group>"; };
		4C62374525C95C45007366EE /* UILabel+Extension.h */ = {isa = PBXFileReference; lastKnownFileType = sourcecode.c.h; path = "UILabel+Extension.h"; sourceTree = "<group>"; };
		4C62374625C95C45007366EE /* UILabel+Extension.m */ = {isa = PBXFileReference; lastKnownFileType = sourcecode.c.objc; path = "UILabel+Extension.m"; sourceTree = "<group>"; };
		4C62374B25C95C52007366EE /* UIButton+Extension.h */ = {isa = PBXFileReference; lastKnownFileType = sourcecode.c.h; path = "UIButton+Extension.h"; sourceTree = "<group>"; };
		4C62374C25C95C52007366EE /* UIButton+Extension.m */ = {isa = PBXFileReference; lastKnownFileType = sourcecode.c.objc; path = "UIButton+Extension.m"; sourceTree = "<group>"; };
		4C62375125C95C60007366EE /* NSDate+Extension.h */ = {isa = PBXFileReference; lastKnownFileType = sourcecode.c.h; path = "NSDate+Extension.h"; sourceTree = "<group>"; };
		4C62375225C95C60007366EE /* NSDate+Extension.m */ = {isa = PBXFileReference; lastKnownFileType = sourcecode.c.objc; path = "NSDate+Extension.m"; sourceTree = "<group>"; };
		4C62375725C95C70007366EE /* UICollectionView+Extension.h */ = {isa = PBXFileReference; lastKnownFileType = sourcecode.c.h; path = "UICollectionView+Extension.h"; sourceTree = "<group>"; };
		4C62375825C95C70007366EE /* UICollectionView+Extension.m */ = {isa = PBXFileReference; lastKnownFileType = sourcecode.c.objc; path = "UICollectionView+Extension.m"; sourceTree = "<group>"; };
		4C62375D25C95C76007366EE /* UICollectionViewCell+Extension.h */ = {isa = PBXFileReference; lastKnownFileType = sourcecode.c.h; path = "UICollectionViewCell+Extension.h"; sourceTree = "<group>"; };
		4C62375E25C95C76007366EE /* UICollectionViewCell+Extension.m */ = {isa = PBXFileReference; lastKnownFileType = sourcecode.c.objc; path = "UICollectionViewCell+Extension.m"; sourceTree = "<group>"; };
		4C62376325C95C7E007366EE /* UITableView+Extension.h */ = {isa = PBXFileReference; lastKnownFileType = sourcecode.c.h; path = "UITableView+Extension.h"; sourceTree = "<group>"; };
		4C62376425C95C7E007366EE /* UITableView+Extension.m */ = {isa = PBXFileReference; lastKnownFileType = sourcecode.c.objc; path = "UITableView+Extension.m"; sourceTree = "<group>"; };
		4C62376925C95C85007366EE /* UITableViewCell+Extension.h */ = {isa = PBXFileReference; lastKnownFileType = sourcecode.c.h; path = "UITableViewCell+Extension.h"; sourceTree = "<group>"; };
		4C62376A25C95C85007366EE /* UITableViewCell+Extension.m */ = {isa = PBXFileReference; lastKnownFileType = sourcecode.c.objc; path = "UITableViewCell+Extension.m"; sourceTree = "<group>"; };
		4C62376F25C95C92007366EE /* UICollectionReusableView+Extension.h */ = {isa = PBXFileReference; lastKnownFileType = sourcecode.c.h; path = "UICollectionReusableView+Extension.h"; sourceTree = "<group>"; };
		4C62377025C95C92007366EE /* UICollectionReusableView+Extension.m */ = {isa = PBXFileReference; lastKnownFileType = sourcecode.c.objc; path = "UICollectionReusableView+Extension.m"; sourceTree = "<group>"; };
		4C62377525C95CAF007366EE /* UIViewController+Extension.h */ = {isa = PBXFileReference; lastKnownFileType = sourcecode.c.h; path = "UIViewController+Extension.h"; sourceTree = "<group>"; };
		4C62377625C95CAF007366EE /* UIViewController+Extension.m */ = {isa = PBXFileReference; lastKnownFileType = sourcecode.c.objc; path = "UIViewController+Extension.m"; sourceTree = "<group>"; };
		4C62378425C95DBD007366EE /* PrefixHeader.h */ = {isa = PBXFileReference; lastKnownFileType = sourcecode.c.h; path = PrefixHeader.h; sourceTree = "<group>"; };
		4C62378525C95DD1007366EE /* ObjcTools-Bridging-Header.h */ = {isa = PBXFileReference; lastKnownFileType = sourcecode.c.h; path = "ObjcTools-Bridging-Header.h"; sourceTree = "<group>"; };
		4C62378625C95DD1007366EE /* Test.swift */ = {isa = PBXFileReference; lastKnownFileType = sourcecode.swift; path = Test.swift; sourceTree = "<group>"; };
		4C62379B25C95E66007366EE /* UtilsMacro.h */ = {isa = PBXFileReference; lastKnownFileType = sourcecode.c.h; path = UtilsMacro.h; sourceTree = "<group>"; };
		4C62379C25C95E66007366EE /* UtilsMacro.m */ = {isa = PBXFileReference; lastKnownFileType = sourcecode.c.objc; path = UtilsMacro.m; sourceTree = "<group>"; };
		4C6237A425C95EC0007366EE /* CustomeHeader.h */ = {isa = PBXFileReference; lastKnownFileType = sourcecode.c.h; path = CustomeHeader.h; sourceTree = "<group>"; };
		4C6237A525C95EF2007366EE /* NotificationMacro.h */ = {isa = PBXFileReference; lastKnownFileType = sourcecode.c.h; path = NotificationMacro.h; sourceTree = "<group>"; };
		4C6237A625C95F0B007366EE /* ProductDefine.h */ = {isa = PBXFileReference; lastKnownFileType = sourcecode.c.h; path = ProductDefine.h; sourceTree = "<group>"; };
		4C6237A725C95FEA007366EE /* Constants.h */ = {isa = PBXFileReference; lastKnownFileType = sourcecode.c.h; path = Constants.h; sourceTree = "<group>"; };
		4C6237A825C95FEA007366EE /* Constants.m */ = {isa = PBXFileReference; lastKnownFileType = sourcecode.c.objc; path = Constants.m; sourceTree = "<group>"; };
		4C6238A025CB8442007366EE /* AppDelegate+Extension.h */ = {isa = PBXFileReference; lastKnownFileType = sourcecode.c.h; path = "AppDelegate+Extension.h"; sourceTree = "<group>"; };
		4C6238A125CB8442007366EE /* AppDelegate+Extension.m */ = {isa = PBXFileReference; lastKnownFileType = sourcecode.c.objc; path = "AppDelegate+Extension.m"; sourceTree = "<group>"; };
		4C62395725CBC106007366EE /* BaseTabBarController.h */ = {isa = PBXFileReference; lastKnownFileType = sourcecode.c.h; path = BaseTabBarController.h; sourceTree = "<group>"; };
		4C62395825CBC106007366EE /* BaseTabBarController.m */ = {isa = PBXFileReference; lastKnownFileType = sourcecode.c.objc; path = BaseTabBarController.m; sourceTree = "<group>"; };
		4C62395D25CBC14D007366EE /* BaseTabBar.h */ = {isa = PBXFileReference; lastKnownFileType = sourcecode.c.h; path = BaseTabBar.h; sourceTree = "<group>"; };
		4C62395E25CBC14D007366EE /* BaseTabBar.m */ = {isa = PBXFileReference; lastKnownFileType = sourcecode.c.objc; path = BaseTabBar.m; sourceTree = "<group>"; };
		4C62396425CBC202007366EE /* XHMarketManager.h */ = {isa = PBXFileReference; lastKnownFileType = sourcecode.c.h; path = XHMarketManager.h; sourceTree = "<group>"; };
		4C62396525CBC202007366EE /* XHMarketManager.m */ = {isa = PBXFileReference; lastKnownFileType = sourcecode.c.objc; path = XHMarketManager.m; sourceTree = "<group>"; };
		4C62396D25CBC2CF007366EE /* Config.h */ = {isa = PBXFileReference; lastKnownFileType = sourcecode.c.h; path = Config.h; sourceTree = "<group>"; };
		4C6239B125CBD2C9007366EE /* XHHomeViewController.h */ = {isa = PBXFileReference; lastKnownFileType = sourcecode.c.h; path = XHHomeViewController.h; sourceTree = "<group>"; };
		4C6239B225CBD2C9007366EE /* XHHomeViewController.m */ = {isa = PBXFileReference; lastKnownFileType = sourcecode.c.objc; path = XHHomeViewController.m; sourceTree = "<group>"; };
		4C6239B725CBD2D2007366EE /* XHFindViewController.h */ = {isa = PBXFileReference; lastKnownFileType = sourcecode.c.h; path = XHFindViewController.h; sourceTree = "<group>"; };
		4C6239B825CBD2D2007366EE /* XHFindViewController.m */ = {isa = PBXFileReference; lastKnownFileType = sourcecode.c.objc; path = XHFindViewController.m; sourceTree = "<group>"; };
		4C6239BD25CBD2D9007366EE /* XHMessageViewController.h */ = {isa = PBXFileReference; lastKnownFileType = sourcecode.c.h; path = XHMessageViewController.h; sourceTree = "<group>"; };
		4C6239BE25CBD2D9007366EE /* XHMessageViewController.m */ = {isa = PBXFileReference; lastKnownFileType = sourcecode.c.objc; path = XHMessageViewController.m; sourceTree = "<group>"; };
		4C6239C425CBD2F0007366EE /* XHMeViewController.h */ = {isa = PBXFileReference; lastKnownFileType = sourcecode.c.h; path = XHMeViewController.h; sourceTree = "<group>"; };
		4C6239C525CBD2F0007366EE /* XHMeViewController.m */ = {isa = PBXFileReference; lastKnownFileType = sourcecode.c.objc; path = XHMeViewController.m; sourceTree = "<group>"; };
		4C6239CE25CBD3D9007366EE /* XHHUDTools.h */ = {isa = PBXFileReference; lastKnownFileType = sourcecode.c.h; path = XHHUDTools.h; sourceTree = "<group>"; };
		4C6239CF25CBD3D9007366EE /* XHHUDTools.m */ = {isa = PBXFileReference; lastKnownFileType = sourcecode.c.objc; path = XHHUDTools.m; sourceTree = "<group>"; };
		4C623A7025CBD9F7007366EE /* UIView+Addition.h */ = {isa = PBXFileReference; lastKnownFileType = sourcecode.c.h; path = "UIView+Addition.h"; sourceTree = "<group>"; };
		4C623A7125CBD9F7007366EE /* UIView+Addition.m */ = {isa = PBXFileReference; lastKnownFileType = sourcecode.c.objc; path = "UIView+Addition.m"; sourceTree = "<group>"; };
		4C623A7725CBDB35007366EE /* XHProtocolResolver.h */ = {isa = PBXFileReference; lastKnownFileType = sourcecode.c.h; path = XHProtocolResolver.h; sourceTree = "<group>"; };
		4C623A7825CBDB35007366EE /* XHProtocolResolver.m */ = {isa = PBXFileReference; lastKnownFileType = sourcecode.c.objc; path = XHProtocolResolver.m; sourceTree = "<group>"; };
		4C623A7E25CBDBB4007366EE /* JPushInstance.h */ = {isa = PBXFileReference; lastKnownFileType = sourcecode.c.h; path = JPushInstance.h; sourceTree = "<group>"; };
		4C623A7F25CBDBB4007366EE /* JPushInstance.m */ = {isa = PBXFileReference; lastKnownFileType = sourcecode.c.objc; path = JPushInstance.m; sourceTree = "<group>"; };
		4C623A8825CBDDE1007366EE /* NSDictionary+SafeObject.h */ = {isa = PBXFileReference; lastKnownFileType = sourcecode.c.h; path = "NSDictionary+SafeObject.h"; sourceTree = "<group>"; };
		4C623A8925CBDDE1007366EE /* NSDictionary+SafeObject.m */ = {isa = PBXFileReference; lastKnownFileType = sourcecode.c.objc; path = "NSDictionary+SafeObject.m"; sourceTree = "<group>"; };
		4C623A9125CBDE16007366EE /* NSDictionary+Extension.h */ = {isa = PBXFileReference; lastKnownFileType = sourcecode.c.h; path = "NSDictionary+Extension.h"; sourceTree = "<group>"; };
		4C623A9225CBDE16007366EE /* NSDictionary+Extension.m */ = {isa = PBXFileReference; lastKnownFileType = sourcecode.c.objc; path = "NSDictionary+Extension.m"; sourceTree = "<group>"; };
		4C623A9825CBDE70007366EE /* NSArray+Extension.h */ = {isa = PBXFileReference; lastKnownFileType = sourcecode.c.h; path = "NSArray+Extension.h"; sourceTree = "<group>"; };
		4C623A9925CBDE70007366EE /* NSArray+Extension.m */ = {isa = PBXFileReference; lastKnownFileType = sourcecode.c.objc; path = "NSArray+Extension.m"; sourceTree = "<group>"; };
		4C623AA125CBDE8D007366EE /* NSArray+SafeObjectAt.h */ = {isa = PBXFileReference; lastKnownFileType = sourcecode.c.h; path = "NSArray+SafeObjectAt.h"; sourceTree = "<group>"; };
		4C623AA225CBDE8D007366EE /* NSArray+SafeObjectAt.m */ = {isa = PBXFileReference; lastKnownFileType = sourcecode.c.objc; path = "NSArray+SafeObjectAt.m"; sourceTree = "<group>"; };
		4C623AA825CBDED8007366EE /* NullSafe.m */ = {isa = PBXFileReference; fileEncoding = 4; lastKnownFileType = sourcecode.c.objc; path = NullSafe.m; sourceTree = "<group>"; };
		4C623AB025CBE2C4007366EE /* ThirdExtension.swift */ = {isa = PBXFileReference; lastKnownFileType = sourcecode.swift; path = ThirdExtension.swift; sourceTree = "<group>"; };
		4C623AB725CBE3D3007366EE /* ToolInstance.swift */ = {isa = PBXFileReference; lastKnownFileType = sourcecode.swift; path = ToolInstance.swift; sourceTree = "<group>"; };
		4C623AC025CBE47A007366EE /* Color+Extension.swift */ = {isa = PBXFileReference; lastKnownFileType = sourcecode.swift; path = "Color+Extension.swift"; sourceTree = "<group>"; };
		4C623AC925CBEEEA007366EE /* WEGBaseScrollViewController.h */ = {isa = PBXFileReference; lastKnownFileType = sourcecode.c.h; path = WEGBaseScrollViewController.h; sourceTree = "<group>"; };
		4C623ACA25CBEEEA007366EE /* WEGBaseScrollViewController.m */ = {isa = PBXFileReference; lastKnownFileType = sourcecode.c.objc; path = WEGBaseScrollViewController.m; sourceTree = "<group>"; };
		4C623ACF25CBEEF3007366EE /* WEGBaseTBViewController.h */ = {isa = PBXFileReference; lastKnownFileType = sourcecode.c.h; path = WEGBaseTBViewController.h; sourceTree = "<group>"; };
		4C623AD025CBEEF3007366EE /* WEGBaseTBViewController.m */ = {isa = PBXFileReference; lastKnownFileType = sourcecode.c.objc; path = WEGBaseTBViewController.m; sourceTree = "<group>"; };
		4C623AD525CBEEFC007366EE /* WEGBaseCLViewController.h */ = {isa = PBXFileReference; lastKnownFileType = sourcecode.c.h; path = WEGBaseCLViewController.h; sourceTree = "<group>"; };
		4C623AD625CBEEFC007366EE /* WEGBaseCLViewController.m */ = {isa = PBXFileReference; lastKnownFileType = sourcecode.c.objc; path = WEGBaseCLViewController.m; sourceTree = "<group>"; };
		4C623ADB25CBEF96007366EE /* TypeDefine.h */ = {isa = PBXFileReference; lastKnownFileType = sourcecode.c.h; path = TypeDefine.h; sourceTree = "<group>"; };
		4C623AE025CBF32B007366EE /* live_poll_loading.gif */ = {isa = PBXFileReference; lastKnownFileType = image.gif; path = live_poll_loading.gif; sourceTree = "<group>"; };
		4C623B2925CBF444007366EE /* UIView+Animation.h */ = {isa = PBXFileReference; lastKnownFileType = sourcecode.c.h; path = "UIView+Animation.h"; sourceTree = "<group>"; };
		4C623B2A25CBF444007366EE /* UIView+Animation.m */ = {isa = PBXFileReference; lastKnownFileType = sourcecode.c.objc; path = "UIView+Animation.m"; sourceTree = "<group>"; };
		4C623B2F25CBF483007366EE /* UIImage+Common.h */ = {isa = PBXFileReference; lastKnownFileType = sourcecode.c.h; path = "UIImage+Common.h"; sourceTree = "<group>"; };
		4C623B3025CBF483007366EE /* UIImage+Common.m */ = {isa = PBXFileReference; lastKnownFileType = sourcecode.c.objc; path = "UIImage+Common.m"; sourceTree = "<group>"; };
		4C623B3525CBF4AD007366EE /* UIImage+Alpha.h */ = {isa = PBXFileReference; lastKnownFileType = sourcecode.c.h; path = "UIImage+Alpha.h"; sourceTree = "<group>"; };
		4C623B3625CBF4AD007366EE /* UIImage+Alpha.m */ = {isa = PBXFileReference; lastKnownFileType = sourcecode.c.objc; path = "UIImage+Alpha.m"; sourceTree = "<group>"; };
		4C623B4525CBF503007366EE /* XHPathUtility.h */ = {isa = PBXFileReference; lastKnownFileType = sourcecode.c.h; path = XHPathUtility.h; sourceTree = "<group>"; };
		4C623B4625CBF503007366EE /* XHPathUtility.m */ = {isa = PBXFileReference; lastKnownFileType = sourcecode.c.objc; path = XHPathUtility.m; sourceTree = "<group>"; };
		4C623B4E25CBF618007366EE /* NSString+Common.h */ = {isa = PBXFileReference; lastKnownFileType = sourcecode.c.h; path = "NSString+Common.h"; sourceTree = "<group>"; };
		4C623B4F25CBF618007366EE /* NSString+Common.m */ = {isa = PBXFileReference; lastKnownFileType = sourcecode.c.objc; path = "NSString+Common.m"; sourceTree = "<group>"; };
		4C623B5425CBF6B4007366EE /* NSData+Common.h */ = {isa = PBXFileReference; lastKnownFileType = sourcecode.c.h; path = "NSData+Common.h"; sourceTree = "<group>"; };
		4C623B5525CBF6B4007366EE /* NSData+Common.m */ = {isa = PBXFileReference; lastKnownFileType = sourcecode.c.objc; path = "NSData+Common.m"; sourceTree = "<group>"; };
		4C623B5B25CBF721007366EE /* GTMBase64.h */ = {isa = PBXFileReference; fileEncoding = 4; lastKnownFileType = sourcecode.c.h; path = GTMBase64.h; sourceTree = "<group>"; };
		4C623B5C25CBF721007366EE /* GTMBase64.m */ = {isa = PBXFileReference; fileEncoding = 4; lastKnownFileType = sourcecode.c.objc; path = GTMBase64.m; sourceTree = "<group>"; };
		4C623B6225CBF802007366EE /* WEGBaseTBCell.h */ = {isa = PBXFileReference; lastKnownFileType = sourcecode.c.h; path = WEGBaseTBCell.h; sourceTree = "<group>"; };
		4C623B6325CBF802007366EE /* WEGBaseTBCell.m */ = {isa = PBXFileReference; lastKnownFileType = sourcecode.c.objc; path = WEGBaseTBCell.m; sourceTree = "<group>"; };
		4C623B6825CBF80C007366EE /* WEGBaseCLCell.h */ = {isa = PBXFileReference; lastKnownFileType = sourcecode.c.h; path = WEGBaseCLCell.h; sourceTree = "<group>"; };
		4C623B6925CBF80C007366EE /* WEGBaseCLCell.m */ = {isa = PBXFileReference; lastKnownFileType = sourcecode.c.objc; path = WEGBaseCLCell.m; sourceTree = "<group>"; };
		4C623B6E25CBF862007366EE /* XHHomeViewCell.h */ = {isa = PBXFileReference; lastKnownFileType = sourcecode.c.h; path = XHHomeViewCell.h; sourceTree = "<group>"; };
		4C623B6F25CBF862007366EE /* XHHomeViewCell.m */ = {isa = PBXFileReference; lastKnownFileType = sourcecode.c.objc; path = XHHomeViewCell.m; sourceTree = "<group>"; };
		4C623B7A25CBFBE7007366EE /* JsonInstance.h */ = {isa = PBXFileReference; lastKnownFileType = sourcecode.c.h; path = JsonInstance.h; sourceTree = "<group>"; };
		4C623B7B25CBFBE7007366EE /* JsonInstance.m */ = {isa = PBXFileReference; lastKnownFileType = sourcecode.c.objc; path = JsonInstance.m; sourceTree = "<group>"; };
		4C623B8425CBFC6A007366EE /* XH_Home_list.json */ = {isa = PBXFileReference; fileEncoding = 4; lastKnownFileType = text.json; path = XH_Home_list.json; sourceTree = "<group>"; };
		4C623BCE25CCCF2C007366EE /* XHHomeViewModel.h */ = {isa = PBXFileReference; lastKnownFileType = sourcecode.c.h; path = XHHomeViewModel.h; sourceTree = "<group>"; };
		4C623BCF25CCCF2C007366EE /* XHHomeViewModel.m */ = {isa = PBXFileReference; lastKnownFileType = sourcecode.c.objc; path = XHHomeViewModel.m; sourceTree = "<group>"; };
		4C623BD525CCD18C007366EE /* ScreenShotViewController.h */ = {isa = PBXFileReference; lastKnownFileType = sourcecode.c.h; path = ScreenShotViewController.h; sourceTree = "<group>"; };
		4C623BD625CCD18C007366EE /* ScreenShotViewController.m */ = {isa = PBXFileReference; lastKnownFileType = sourcecode.c.objc; path = ScreenShotViewController.m; sourceTree = "<group>"; };
		4C623BE225CCD507007366EE /* BaseWebViewController.h */ = {isa = PBXFileReference; lastKnownFileType = sourcecode.c.h; path = BaseWebViewController.h; sourceTree = "<group>"; };
		4C623BE325CCD507007366EE /* BaseWebViewController.m */ = {isa = PBXFileReference; lastKnownFileType = sourcecode.c.objc; path = BaseWebViewController.m; sourceTree = "<group>"; };
		4C623BE925CCD584007366EE /* BaseWebViewModel.h */ = {isa = PBXFileReference; lastKnownFileType = sourcecode.c.h; path = BaseWebViewModel.h; sourceTree = "<group>"; };
		4C623BEA25CCD584007366EE /* BaseWebViewModel.m */ = {isa = PBXFileReference; lastKnownFileType = sourcecode.c.objc; path = BaseWebViewModel.m; sourceTree = "<group>"; };
		4C623BF325CCD6A1007366EE /* NSObject+Extension.h */ = {isa = PBXFileReference; lastKnownFileType = sourcecode.c.h; path = "NSObject+Extension.h"; sourceTree = "<group>"; };
		4C623BF425CCD6A1007366EE /* NSObject+Extension.m */ = {isa = PBXFileReference; lastKnownFileType = sourcecode.c.objc; path = "NSObject+Extension.m"; sourceTree = "<group>"; };
		4C623BFC25CCD815007366EE /* WebKit.framework */ = {isa = PBXFileReference; lastKnownFileType = wrapper.framework; name = WebKit.framework; path = System/Library/Frameworks/WebKit.framework; sourceTree = SDKROOT; };
		4C623C4625CCDC0C007366EE /* UIResponder+Extension.h */ = {isa = PBXFileReference; lastKnownFileType = sourcecode.c.h; path = "UIResponder+Extension.h"; sourceTree = "<group>"; };
		4C623C4725CCDC0C007366EE /* UIResponder+Extension.m */ = {isa = PBXFileReference; lastKnownFileType = sourcecode.c.objc; path = "UIResponder+Extension.m"; sourceTree = "<group>"; };
		4C623C4F25CCDE23007366EE /* UINavigationController+Extension.h */ = {isa = PBXFileReference; lastKnownFileType = sourcecode.c.h; path = "UINavigationController+Extension.h"; sourceTree = "<group>"; };
		4C623C5025CCDE23007366EE /* UINavigationController+Extension.m */ = {isa = PBXFileReference; lastKnownFileType = sourcecode.c.objc; path = "UINavigationController+Extension.m"; sourceTree = "<group>"; };
		4C623C5525CCDFDB007366EE /* BaseNavigationViewController.h */ = {isa = PBXFileReference; lastKnownFileType = sourcecode.c.h; path = BaseNavigationViewController.h; sourceTree = "<group>"; };
		4C623C5625CCDFDB007366EE /* BaseNavigationViewController.m */ = {isa = PBXFileReference; lastKnownFileType = sourcecode.c.objc; path = BaseNavigationViewController.m; sourceTree = "<group>"; };
		4C623C6125CCEB8B007366EE /* UIButton+Action.h */ = {isa = PBXFileReference; lastKnownFileType = sourcecode.c.h; path = "UIButton+Action.h"; sourceTree = "<group>"; };
		4C623C6225CCEB8B007366EE /* UIButton+Action.m */ = {isa = PBXFileReference; lastKnownFileType = sourcecode.c.objc; path = "UIButton+Action.m"; sourceTree = "<group>"; };
		4C623D2B25CD4DFC007366EE /* XHRACViewController.h */ = {isa = PBXFileReference; lastKnownFileType = sourcecode.c.h; path = XHRACViewController.h; sourceTree = "<group>"; };
		4C623D2C25CD4DFC007366EE /* XHRACViewController.m */ = {isa = PBXFileReference; lastKnownFileType = sourcecode.c.objc; path = XHRACViewController.m; sourceTree = "<group>"; };
		702FF38F2BD5DA2F33C94C29 /* Pods-ObjcTools.debug.xcconfig */ = {isa = PBXFileReference; includeInIndex = 1; lastKnownFileType = text.xcconfig; name = "Pods-ObjcTools.debug.xcconfig"; path = "Target Support Files/Pods-ObjcTools/Pods-ObjcTools.debug.xcconfig"; sourceTree = "<group>"; };
		91123BEB521159F33E44D303 /* Pods-ObjcTools.release.xcconfig */ = {isa = PBXFileReference; includeInIndex = 1; lastKnownFileType = text.xcconfig; name = "Pods-ObjcTools.release.xcconfig"; path = "Target Support Files/Pods-ObjcTools/Pods-ObjcTools.release.xcconfig"; sourceTree = "<group>"; };
		B61E26342B502838FAD8B445 /* Pods_ObjcTools.framework */ = {isa = PBXFileReference; explicitFileType = wrapper.framework; includeInIndex = 0; path = Pods_ObjcTools.framework; sourceTree = BUILT_PRODUCTS_DIR; };
/* End PBXFileReference section */

/* Begin PBXFrameworksBuildPhase section */
		4C62367825C94C3D007366EE /* Frameworks */ = {
			isa = PBXFrameworksBuildPhase;
			buildActionMask = 2147483647;
			files = (
				4C623BFD25CCD815007366EE /* WebKit.framework in Frameworks */,
				A5D9D7A21281EF81D8416F18 /* Pods_ObjcTools.framework in Frameworks */,
			);
			runOnlyForDeploymentPostprocessing = 0;
		};
		4C62369325C94C3E007366EE /* Frameworks */ = {
			isa = PBXFrameworksBuildPhase;
			buildActionMask = 2147483647;
			files = (
			);
			runOnlyForDeploymentPostprocessing = 0;
		};
		4C62369E25C94C3E007366EE /* Frameworks */ = {
			isa = PBXFrameworksBuildPhase;
			buildActionMask = 2147483647;
			files = (
			);
			runOnlyForDeploymentPostprocessing = 0;
		};
/* End PBXFrameworksBuildPhase section */

/* Begin PBXGroup section */
		4C62367225C94C3D007366EE = {
			isa = PBXGroup;
			children = (
				4C62367D25C94C3D007366EE /* ObjcTools */,
				4C62369925C94C3E007366EE /* ObjcToolsTests */,
				4C6236A425C94C3E007366EE /* ObjcToolsUITests */,
				4C62367C25C94C3D007366EE /* Products */,
				EE06F6045937D448FDB8DF01 /* Pods */,
				FA49F3BC3B00616CA787CA81 /* Frameworks */,
			);
			sourceTree = "<group>";
		};
		4C62367C25C94C3D007366EE /* Products */ = {
			isa = PBXGroup;
			children = (
				4C62367B25C94C3D007366EE /* ObjcTools.app */,
				4C62369625C94C3E007366EE /* ObjcToolsTests.xctest */,
				4C6236A125C94C3E007366EE /* ObjcToolsUITests.xctest */,
			);
			name = Products;
			sourceTree = "<group>";
		};
		4C62367D25C94C3D007366EE /* ObjcTools */ = {
			isa = PBXGroup;
			children = (
				4C8BBE1C25DE0B38006F6BBD /* MainClass */,
				4C62371225C95B37007366EE /* Util */,
				4C6236DC25C94FAF007366EE /* Libs */,
				4C6236DB25C94FA9007366EE /* Common */,
				4C6236DA25C94F9D007366EE /* ProtocolResolver */,
				4C6236D925C94F96007366EE /* Resouces */,
				4C6236CB25C94DE4007366EE /* Classes */,
				4C6236CC25C94DE8007366EE /* SupportingFiles */,
			);
			path = ObjcTools;
			sourceTree = "<group>";
		};
		4C62369925C94C3E007366EE /* ObjcToolsTests */ = {
			isa = PBXGroup;
			children = (
				4C62369A25C94C3E007366EE /* ObjcToolsTests.m */,
				4C62369C25C94C3E007366EE /* Info.plist */,
			);
			path = ObjcToolsTests;
			sourceTree = "<group>";
		};
		4C6236A425C94C3E007366EE /* ObjcToolsUITests */ = {
			isa = PBXGroup;
			children = (
				4C6236A525C94C3E007366EE /* ObjcToolsUITests.m */,
				4C6236A725C94C3E007366EE /* Info.plist */,
			);
			path = ObjcToolsUITests;
			sourceTree = "<group>";
		};
		4C6236CB25C94DE4007366EE /* Classes */ = {
			isa = PBXGroup;
			children = (
				4C6239B025CBD2B9007366EE /* Me */,
				4C6239AF25CBD2AD007366EE /* Message */,
				4C6239AE25CBD2A6007366EE /* Find */,
				4C6239AD25CBD2A1007366EE /* Home */,
				4C6236DD25C94FBB007366EE /* Main */,
			);
			path = Classes;
			sourceTree = "<group>";
		};
		4C6236CC25C94DE8007366EE /* SupportingFiles */ = {
			isa = PBXGroup;
			children = (
				4C62367E25C94C3D007366EE /* AppDelegate.h */,
				4C62367F25C94C3D007366EE /* AppDelegate.m */,
				4C6238A025CB8442007366EE /* AppDelegate+Extension.h */,
				4C6238A125CB8442007366EE /* AppDelegate+Extension.m */,
				4C62368425C94C3D007366EE /* ViewController.h */,
				4C62368525C94C3D007366EE /* ViewController.m */,
				4C62378425C95DBD007366EE /* PrefixHeader.h */,
				4C62378625C95DD1007366EE /* Test.swift */,
				4C623AB025CBE2C4007366EE /* ThirdExtension.swift */,
				4C62368725C94C3D007366EE /* Main.storyboard */,
				4C62368A25C94C3E007366EE /* Assets.xcassets */,
				4C62368C25C94C3E007366EE /* LaunchScreen.storyboard */,
				4C62368F25C94C3E007366EE /* Info.plist */,
				4C62369025C94C3E007366EE /* main.m */,
				4C62378525C95DD1007366EE /* ObjcTools-Bridging-Header.h */,
			);
			path = SupportingFiles;
			sourceTree = "<group>";
		};
		4C6236D925C94F96007366EE /* Resouces */ = {
			isa = PBXGroup;
			children = (
				4C623B8325CBFC62007366EE /* Json */,
				4C623AE525CBF32F007366EE /* plist */,
				4C623ADF25CBF324007366EE /* pic */,
			);
			path = Resouces;
			sourceTree = "<group>";
		};
		4C6236DA25C94F9D007366EE /* ProtocolResolver */ = {
			isa = PBXGroup;
			children = (
				4C623A7725CBDB35007366EE /* XHProtocolResolver.h */,
				4C623A7825CBDB35007366EE /* XHProtocolResolver.m */,
			);
			path = ProtocolResolver;
			sourceTree = "<group>";
		};
		4C6236DB25C94FA9007366EE /* Common */ = {
			isa = PBXGroup;
			children = (
			);
			path = Common;
			sourceTree = "<group>";
		};
		4C6236DC25C94FAF007366EE /* Libs */ = {
			isa = PBXGroup;
			children = (
			);
			path = Libs;
			sourceTree = "<group>";
		};
		4C6236DD25C94FBB007366EE /* Main */ = {
			isa = PBXGroup;
			children = (
				4C62395625CBC0E2007366EE /* Controller */,
				4C6236E225C95805007366EE /* Base */,
				4C6236DE25C95162007366EE /* Excessive */,
			);
			path = Main;
			sourceTree = "<group>";
		};
		4C6236DE25C95162007366EE /* Excessive */ = {
			isa = PBXGroup;
			children = (
				4C62370625C958C7007366EE /* WEGExcessiveViewController.h */,
				4C62370725C958C7007366EE /* WEGExcessiveViewController.m */,
			);
			path = Excessive;
			sourceTree = "<group>";
		};
		4C6236E225C95805007366EE /* Base */ = {
			isa = PBXGroup;
			children = (
				4C6236E525C95812007366EE /* Model */,
				4C6236E425C95810007366EE /* View */,
				4C6236E325C9580C007366EE /* Controller */,
			);
			path = Base;
			sourceTree = "<group>";
		};
		4C6236E325C9580C007366EE /* Controller */ = {
			isa = PBXGroup;
			children = (
				4C623BE125CCD4F9007366EE /* Web */,
				4C623AC825CBEEC0007366EE /* VC */,
				4C6236FF25C95899007366EE /* Controller */,
			);
			path = Controller;
			sourceTree = "<group>";
		};
		4C6236E425C95810007366EE /* View */ = {
			isa = PBXGroup;
			children = (
				4C623B6125CBF7EE007366EE /* Cell */,
				4C6236EF25C95843007366EE /* View */,
			);
			path = View;
			sourceTree = "<group>";
		};
		4C6236E525C95812007366EE /* Model */ = {
			isa = PBXGroup;
			children = (
				4C6236E625C9581E007366EE /* BaseModel.h */,
				4C6236E725C9581E007366EE /* BaseModel.m */,
			);
			path = Model;
			sourceTree = "<group>";
		};
		4C6236EF25C95843007366EE /* View */ = {
			isa = PBXGroup;
			children = (
				4C6236F025C9585E007366EE /* WEGBaseView.h */,
				4C6236F125C9585E007366EE /* WEGBaseView.m */,
				4C6236F925C9586F007366EE /* WEGBaseAlertView.h */,
				4C6236FA25C9586F007366EE /* WEGBaseAlertView.m */,
			);
			path = View;
			sourceTree = "<group>";
		};
		4C6236FF25C95899007366EE /* Controller */ = {
			isa = PBXGroup;
			children = (
				4C62370025C958A4007366EE /* WEGBaseViewController.h */,
				4C62370125C958A4007366EE /* WEGBaseViewController.m */,
				4C623C5525CCDFDB007366EE /* BaseNavigationViewController.h */,
				4C623C5625CCDFDB007366EE /* BaseNavigationViewController.m */,
			);
			path = Controller;
			sourceTree = "<group>";
		};
		4C62371225C95B37007366EE /* Util */ = {
			isa = PBXGroup;
			children = (
				4C623B7825CBFBDA007366EE /* Instance */,
				4C6237B025C9609D007366EE /* Macro */,
				4C62379A25C95E46007366EE /* Config */,
				4C62371525C95B49007366EE /* Helper */,
				4C62371425C95B44007366EE /* Manager */,
				4C62371325C95B3E007366EE /* Tools */,
				4C62371625C95B4F007366EE /* Categorys */,
			);
			path = Util;
			sourceTree = "<group>";
		};
		4C62371325C95B3E007366EE /* Tools */ = {
			isa = PBXGroup;
			children = (
				4C623B5A25CBF721007366EE /* GTMBase64 */,
				4C6239CD25CBD3C5007366EE /* HUD */,
			);
			path = Tools;
			sourceTree = "<group>";
		};
		4C62371425C95B44007366EE /* Manager */ = {
			isa = PBXGroup;
			children = (
				4C62396325CBC1EE007366EE /* MarketManager */,
			);
			path = Manager;
			sourceTree = "<group>";
		};
		4C62371525C95B49007366EE /* Helper */ = {
			isa = PBXGroup;
			children = (
				4C623B3B25CBF4EE007366EE /* Path */,
				4C623A7D25CBDB9E007366EE /* JPush */,
			);
			path = Helper;
			sourceTree = "<group>";
		};
		4C62371625C95B4F007366EE /* Categorys */ = {
			isa = PBXGroup;
			children = (
				4C62371825C95B72007366EE /* UIExtension.h */,
				4C623C4525CCDBF8007366EE /* UIResponder */,
				4C623BF225CCD691007366EE /* NSObject */,
				4C623AA725CBDEC0007366EE /* NullSafe */,
				4C623A9725CBDE68007366EE /* Array */,
				4C623A8725CBDDD1007366EE /* DIctionary */,
				4C62377C25C95CC5007366EE /* Font */,
				4C62377B25C95CBD007366EE /* View */,
				4C62378325C95D6C007366EE /* Color */,
				4C62378225C95D67007366EE /* Label */,
				4C62377E25C95CED007366EE /* Button */,
				4C62377D25C95CD6007366EE /* Date */,
				4C62377F25C95D46007366EE /* CollectionView */,
				4C62378125C95D59007366EE /* Controller */,
				4C62378025C95D53007366EE /* TableView */,
				4C62373225C95BEE007366EE /* Image */,
				4C62372225C95BCF007366EE /* ImageView */,
				4C62371725C95B59007366EE /* String */,
			);
			path = Categorys;
			sourceTree = "<group>";
		};
		4C62371725C95B59007366EE /* String */ = {
			isa = PBXGroup;
			children = (
				4C62371925C95B93007366EE /* NSString+Extension.h */,
				4C62371A25C95B93007366EE /* NSString+Extension.m */,
				4C623B4E25CBF618007366EE /* NSString+Common.h */,
				4C623B4F25CBF618007366EE /* NSString+Common.m */,
			);
			path = String;
			sourceTree = "<group>";
		};
		4C62372225C95BCF007366EE /* ImageView */ = {
			isa = PBXGroup;
			children = (
				4C62372625C95BDF007366EE /* UIImageView+Extension.h */,
				4C62372725C95BDF007366EE /* UIImageView+Extension.m */,
			);
			path = ImageView;
			sourceTree = "<group>";
		};
		4C62373225C95BEE007366EE /* Image */ = {
			isa = PBXGroup;
			children = (
				4C62372C25C95BE6007366EE /* UIImage+Extension.h */,
				4C62372D25C95BE6007366EE /* UIImage+Extension.m */,
				4C623B2F25CBF483007366EE /* UIImage+Common.h */,
				4C623B3025CBF483007366EE /* UIImage+Common.m */,
				4C623B3525CBF4AD007366EE /* UIImage+Alpha.h */,
				4C623B3625CBF4AD007366EE /* UIImage+Alpha.m */,
			);
			path = Image;
			sourceTree = "<group>";
		};
		4C62377B25C95CBD007366EE /* View */ = {
			isa = PBXGroup;
			children = (
				4C62373325C95C27007366EE /* UIView+Extension.h */,
				4C62373425C95C27007366EE /* UIView+Extension.m */,
				4C623A7025CBD9F7007366EE /* UIView+Addition.h */,
				4C623A7125CBD9F7007366EE /* UIView+Addition.m */,
				4C623B2925CBF444007366EE /* UIView+Animation.h */,
				4C623B2A25CBF444007366EE /* UIView+Animation.m */,
			);
			path = View;
			sourceTree = "<group>";
		};
		4C62377C25C95CC5007366EE /* Font */ = {
			isa = PBXGroup;
			children = (
				4C62373925C95C31007366EE /* UIFont+Extension.h */,
				4C62373A25C95C31007366EE /* UIFont+Extension.m */,
			);
			path = Font;
			sourceTree = "<group>";
		};
		4C62377D25C95CD6007366EE /* Date */ = {
			isa = PBXGroup;
			children = (
				4C62375125C95C60007366EE /* NSDate+Extension.h */,
				4C62375225C95C60007366EE /* NSDate+Extension.m */,
				4C623B5425CBF6B4007366EE /* NSData+Common.h */,
				4C623B5525CBF6B4007366EE /* NSData+Common.m */,
			);
			path = Date;
			sourceTree = "<group>";
		};
		4C62377E25C95CED007366EE /* Button */ = {
			isa = PBXGroup;
			children = (
				4C62374B25C95C52007366EE /* UIButton+Extension.h */,
				4C62374C25C95C52007366EE /* UIButton+Extension.m */,
				4C623C6125CCEB8B007366EE /* UIButton+Action.h */,
				4C623C6225CCEB8B007366EE /* UIButton+Action.m */,
			);
			path = Button;
			sourceTree = "<group>";
		};
		4C62377F25C95D46007366EE /* CollectionView */ = {
			isa = PBXGroup;
			children = (
				4C62375725C95C70007366EE /* UICollectionView+Extension.h */,
				4C62375825C95C70007366EE /* UICollectionView+Extension.m */,
				4C62375D25C95C76007366EE /* UICollectionViewCell+Extension.h */,
				4C62375E25C95C76007366EE /* UICollectionViewCell+Extension.m */,
				4C62376F25C95C92007366EE /* UICollectionReusableView+Extension.h */,
				4C62377025C95C92007366EE /* UICollectionReusableView+Extension.m */,
			);
			path = CollectionView;
			sourceTree = "<group>";
		};
		4C62378025C95D53007366EE /* TableView */ = {
			isa = PBXGroup;
			children = (
				4C62376325C95C7E007366EE /* UITableView+Extension.h */,
				4C62376425C95C7E007366EE /* UITableView+Extension.m */,
				4C62376925C95C85007366EE /* UITableViewCell+Extension.h */,
				4C62376A25C95C85007366EE /* UITableViewCell+Extension.m */,
			);
			path = TableView;
			sourceTree = "<group>";
		};
		4C62378125C95D59007366EE /* Controller */ = {
			isa = PBXGroup;
			children = (
				4C62377525C95CAF007366EE /* UIViewController+Extension.h */,
				4C62377625C95CAF007366EE /* UIViewController+Extension.m */,
				4C623C4F25CCDE23007366EE /* UINavigationController+Extension.h */,
				4C623C5025CCDE23007366EE /* UINavigationController+Extension.m */,
			);
			path = Controller;
			sourceTree = "<group>";
		};
		4C62378225C95D67007366EE /* Label */ = {
			isa = PBXGroup;
			children = (
				4C62374525C95C45007366EE /* UILabel+Extension.h */,
				4C62374625C95C45007366EE /* UILabel+Extension.m */,
			);
			path = Label;
			sourceTree = "<group>";
		};
		4C62378325C95D6C007366EE /* Color */ = {
			isa = PBXGroup;
			children = (
				4C62373F25C95C3B007366EE /* UIColor+Extension.h */,
				4C62374025C95C3B007366EE /* UIColor+Extension.m */,
			);
			path = Color;
			sourceTree = "<group>";
		};
		4C62379A25C95E46007366EE /* Config */ = {
			isa = PBXGroup;
			children = (
				4C62379B25C95E66007366EE /* UtilsMacro.h */,
				4C62379C25C95E66007366EE /* UtilsMacro.m */,
				4C6237A725C95FEA007366EE /* Constants.h */,
				4C6237A825C95FEA007366EE /* Constants.m */,
			);
			path = Config;
			sourceTree = "<group>";
		};
		4C6237B025C9609D007366EE /* Macro */ = {
			isa = PBXGroup;
			children = (
				4C6237A425C95EC0007366EE /* CustomeHeader.h */,
				4C6237A525C95EF2007366EE /* NotificationMacro.h */,
				4C6237A625C95F0B007366EE /* ProductDefine.h */,
				4C62396D25CBC2CF007366EE /* Config.h */,
				4C623ADB25CBEF96007366EE /* TypeDefine.h */,
			);
			path = Macro;
			sourceTree = "<group>";
		};
		4C62395625CBC0E2007366EE /* Controller */ = {
			isa = PBXGroup;
			children = (
				4C62395725CBC106007366EE /* BaseTabBarController.h */,
				4C62395825CBC106007366EE /* BaseTabBarController.m */,
				4C62395D25CBC14D007366EE /* BaseTabBar.h */,
				4C62395E25CBC14D007366EE /* BaseTabBar.m */,
			);
			path = Controller;
			sourceTree = "<group>";
		};
		4C62396325CBC1EE007366EE /* MarketManager */ = {
			isa = PBXGroup;
			children = (
				4C62396425CBC202007366EE /* XHMarketManager.h */,
				4C62396525CBC202007366EE /* XHMarketManager.m */,
			);
			path = MarketManager;
			sourceTree = "<group>";
		};
		4C6239AD25CBD2A1007366EE /* Home */ = {
			isa = PBXGroup;
			children = (
				4C623D2225CD4DDE007366EE /* RAC */,
				4C623BD425CCD15F007366EE /* 1.ScreenShot */,
				4C623B7625CBFB2D007366EE /* Controller */,
			);
			path = Home;
			sourceTree = "<group>";
		};
		4C6239AE25CBD2A6007366EE /* Find */ = {
			isa = PBXGroup;
			children = (
				4C6239B725CBD2D2007366EE /* XHFindViewController.h */,
				4C6239B825CBD2D2007366EE /* XHFindViewController.m */,
			);
			path = Find;
			sourceTree = "<group>";
		};
		4C6239AF25CBD2AD007366EE /* Message */ = {
			isa = PBXGroup;
			children = (
				4C6239BD25CBD2D9007366EE /* XHMessageViewController.h */,
				4C6239BE25CBD2D9007366EE /* XHMessageViewController.m */,
			);
			path = Message;
			sourceTree = "<group>";
		};
		4C6239B025CBD2B9007366EE /* Me */ = {
			isa = PBXGroup;
			children = (
				4C6239C425CBD2F0007366EE /* XHMeViewController.h */,
				4C6239C525CBD2F0007366EE /* XHMeViewController.m */,
			);
			path = Me;
			sourceTree = "<group>";
		};
		4C6239CD25CBD3C5007366EE /* HUD */ = {
			isa = PBXGroup;
			children = (
				4C6239CE25CBD3D9007366EE /* XHHUDTools.h */,
				4C6239CF25CBD3D9007366EE /* XHHUDTools.m */,
			);
			path = HUD;
			sourceTree = "<group>";
		};
		4C623A7D25CBDB9E007366EE /* JPush */ = {
			isa = PBXGroup;
			children = (
				4C623A7E25CBDBB4007366EE /* JPushInstance.h */,
				4C623A7F25CBDBB4007366EE /* JPushInstance.m */,
			);
			path = JPush;
			sourceTree = "<group>";
		};
		4C623A8725CBDDD1007366EE /* DIctionary */ = {
			isa = PBXGroup;
			children = (
				4C623A8825CBDDE1007366EE /* NSDictionary+SafeObject.h */,
				4C623A8925CBDDE1007366EE /* NSDictionary+SafeObject.m */,
				4C623A9125CBDE16007366EE /* NSDictionary+Extension.h */,
				4C623A9225CBDE16007366EE /* NSDictionary+Extension.m */,
			);
			path = DIctionary;
			sourceTree = "<group>";
		};
		4C623A9725CBDE68007366EE /* Array */ = {
			isa = PBXGroup;
			children = (
				4C623A9825CBDE70007366EE /* NSArray+Extension.h */,
				4C623A9925CBDE70007366EE /* NSArray+Extension.m */,
				4C623AA125CBDE8D007366EE /* NSArray+SafeObjectAt.h */,
				4C623AA225CBDE8D007366EE /* NSArray+SafeObjectAt.m */,
			);
			path = Array;
			sourceTree = "<group>";
		};
		4C623AA725CBDEC0007366EE /* NullSafe */ = {
			isa = PBXGroup;
			children = (
				4C623AA825CBDED8007366EE /* NullSafe.m */,
			);
			path = NullSafe;
			sourceTree = "<group>";
		};
		4C623AC825CBEEC0007366EE /* VC */ = {
			isa = PBXGroup;
			children = (
				4C623AC925CBEEEA007366EE /* WEGBaseScrollViewController.h */,
				4C623ACA25CBEEEA007366EE /* WEGBaseScrollViewController.m */,
				4C623ACF25CBEEF3007366EE /* WEGBaseTBViewController.h */,
				4C623AD025CBEEF3007366EE /* WEGBaseTBViewController.m */,
				4C623AD525CBEEFC007366EE /* WEGBaseCLViewController.h */,
				4C623AD625CBEEFC007366EE /* WEGBaseCLViewController.m */,
			);
			path = VC;
			sourceTree = "<group>";
		};
		4C623ADF25CBF324007366EE /* pic */ = {
			isa = PBXGroup;
			children = (
				4C623AE025CBF32B007366EE /* live_poll_loading.gif */,
			);
			path = pic;
			sourceTree = "<group>";
		};
		4C623AE525CBF32F007366EE /* plist */ = {
			isa = PBXGroup;
			children = (
			);
			path = plist;
			sourceTree = "<group>";
		};
		4C623B3B25CBF4EE007366EE /* Path */ = {
			isa = PBXGroup;
			children = (
				4C623B4525CBF503007366EE /* XHPathUtility.h */,
				4C623B4625CBF503007366EE /* XHPathUtility.m */,
			);
			path = Path;
			sourceTree = "<group>";
		};
		4C623B5A25CBF721007366EE /* GTMBase64 */ = {
			isa = PBXGroup;
			children = (
				4C623B5B25CBF721007366EE /* GTMBase64.h */,
				4C623B5C25CBF721007366EE /* GTMBase64.m */,
			);
			path = GTMBase64;
			sourceTree = "<group>";
		};
		4C623B6125CBF7EE007366EE /* Cell */ = {
			isa = PBXGroup;
			children = (
				4C623B6225CBF802007366EE /* WEGBaseTBCell.h */,
				4C623B6325CBF802007366EE /* WEGBaseTBCell.m */,
				4C623B6825CBF80C007366EE /* WEGBaseCLCell.h */,
				4C623B6925CBF80C007366EE /* WEGBaseCLCell.m */,
			);
			path = Cell;
			sourceTree = "<group>";
		};
		4C623B7625CBFB2D007366EE /* Controller */ = {
			isa = PBXGroup;
			children = (
				4C6239B125CBD2C9007366EE /* XHHomeViewController.h */,
				4C6239B225CBD2C9007366EE /* XHHomeViewController.m */,
				4C623B6E25CBF862007366EE /* XHHomeViewCell.h */,
				4C623B6F25CBF862007366EE /* XHHomeViewCell.m */,
				4C623BCE25CCCF2C007366EE /* XHHomeViewModel.h */,
				4C623BCF25CCCF2C007366EE /* XHHomeViewModel.m */,
			);
			path = Controller;
			sourceTree = "<group>";
		};
		4C623B7825CBFBDA007366EE /* Instance */ = {
			isa = PBXGroup;
			children = (
				4C623B7925CBFBE1007366EE /* JsonInstance */,
			);
			path = Instance;
			sourceTree = "<group>";
		};
		4C623B7925CBFBE1007366EE /* JsonInstance */ = {
			isa = PBXGroup;
			children = (
				4C623B7A25CBFBE7007366EE /* JsonInstance.h */,
				4C623B7B25CBFBE7007366EE /* JsonInstance.m */,
			);
			path = JsonInstance;
			sourceTree = "<group>";
		};
		4C623B8325CBFC62007366EE /* Json */ = {
			isa = PBXGroup;
			children = (
				4C623B8425CBFC6A007366EE /* XH_Home_list.json */,
			);
			path = Json;
			sourceTree = "<group>";
		};
		4C623BD425CCD15F007366EE /* 1.ScreenShot */ = {
			isa = PBXGroup;
			children = (
				4C623BD525CCD18C007366EE /* ScreenShotViewController.h */,
				4C623BD625CCD18C007366EE /* ScreenShotViewController.m */,
			);
			path = 1.ScreenShot;
			sourceTree = "<group>";
		};
		4C623BE125CCD4F9007366EE /* Web */ = {
			isa = PBXGroup;
			children = (
				4C623BE825CCD57D007366EE /* Model */,
				4C623BE225CCD507007366EE /* BaseWebViewController.h */,
				4C623BE325CCD507007366EE /* BaseWebViewController.m */,
			);
			path = Web;
			sourceTree = "<group>";
		};
		4C623BE825CCD57D007366EE /* Model */ = {
			isa = PBXGroup;
			children = (
				4C623BE925CCD584007366EE /* BaseWebViewModel.h */,
				4C623BEA25CCD584007366EE /* BaseWebViewModel.m */,
			);
			path = Model;
			sourceTree = "<group>";
		};
		4C623BF225CCD691007366EE /* NSObject */ = {
			isa = PBXGroup;
			children = (
				4C623BF325CCD6A1007366EE /* NSObject+Extension.h */,
				4C623BF425CCD6A1007366EE /* NSObject+Extension.m */,
			);
			path = NSObject;
			sourceTree = "<group>";
		};
		4C623C4525CCDBF8007366EE /* UIResponder */ = {
			isa = PBXGroup;
			children = (
				4C623C4625CCDC0C007366EE /* UIResponder+Extension.h */,
				4C623C4725CCDC0C007366EE /* UIResponder+Extension.m */,
			);
			path = UIResponder;
			sourceTree = "<group>";
		};
		4C623D2225CD4DDE007366EE /* RAC */ = {
			isa = PBXGroup;
			children = (
				4C623D2B25CD4DFC007366EE /* XHRACViewController.h */,
				4C623D2C25CD4DFC007366EE /* XHRACViewController.m */,
			);
			path = RAC;
			sourceTree = "<group>";
		};
		4C8BBE1C25DE0B38006F6BBD /* MainClass */ = {
			isa = PBXGroup;
			children = (
				4C8BBE1E25DE0B64006F6BBD /* Instance */,
				4C8BBE1D25DE0B5A006F6BBD /* Category */,
			);
			path = MainClass;
			sourceTree = "<group>";
		};
		4C8BBE1D25DE0B5A006F6BBD /* Category */ = {
			isa = PBXGroup;
			children = (
				4C623AC025CBE47A007366EE /* Color+Extension.swift */,
			);
			path = Category;
			sourceTree = "<group>";
		};
		4C8BBE1E25DE0B64006F6BBD /* Instance */ = {
			isa = PBXGroup;
			children = (
				4C623AB725CBE3D3007366EE /* ToolInstance.swift */,
			);
			path = Instance;
			sourceTree = "<group>";
		};
		EE06F6045937D448FDB8DF01 /* Pods */ = {
			isa = PBXGroup;
			children = (
				702FF38F2BD5DA2F33C94C29 /* Pods-ObjcTools.debug.xcconfig */,
				91123BEB521159F33E44D303 /* Pods-ObjcTools.release.xcconfig */,
			);
			path = Pods;
			sourceTree = "<group>";
		};
		FA49F3BC3B00616CA787CA81 /* Frameworks */ = {
			isa = PBXGroup;
			children = (
				4C623BFC25CCD815007366EE /* WebKit.framework */,
				B61E26342B502838FAD8B445 /* Pods_ObjcTools.framework */,
			);
			name = Frameworks;
			sourceTree = "<group>";
		};
/* End PBXGroup section */

/* Begin PBXNativeTarget section */
		4C62367A25C94C3D007366EE /* ObjcTools */ = {
			isa = PBXNativeTarget;
			buildConfigurationList = 4C6236AA25C94C3E007366EE /* Build configuration list for PBXNativeTarget "ObjcTools" */;
			buildPhases = (
				FDCAC1265781739AF8B2837B /* [CP] Check Pods Manifest.lock */,
				4C62367725C94C3D007366EE /* Sources */,
				4C62367825C94C3D007366EE /* Frameworks */,
				4C62367925C94C3D007366EE /* Resources */,
				D57EFE652224A0130AE5CD01 /* [CP] Embed Pods Frameworks */,
			);
			buildRules = (
			);
			dependencies = (
			);
			name = ObjcTools;
			productName = ObjcTools;
			productReference = 4C62367B25C94C3D007366EE /* ObjcTools.app */;
			productType = "com.apple.product-type.application";
		};
		4C62369525C94C3E007366EE /* ObjcToolsTests */ = {
			isa = PBXNativeTarget;
			buildConfigurationList = 4C6236AD25C94C3E007366EE /* Build configuration list for PBXNativeTarget "ObjcToolsTests" */;
			buildPhases = (
				4C62369225C94C3E007366EE /* Sources */,
				4C62369325C94C3E007366EE /* Frameworks */,
				4C62369425C94C3E007366EE /* Resources */,
			);
			buildRules = (
			);
			dependencies = (
				4C62369825C94C3E007366EE /* PBXTargetDependency */,
			);
			name = ObjcToolsTests;
			productName = ObjcToolsTests;
			productReference = 4C62369625C94C3E007366EE /* ObjcToolsTests.xctest */;
			productType = "com.apple.product-type.bundle.unit-test";
		};
		4C6236A025C94C3E007366EE /* ObjcToolsUITests */ = {
			isa = PBXNativeTarget;
			buildConfigurationList = 4C6236B025C94C3E007366EE /* Build configuration list for PBXNativeTarget "ObjcToolsUITests" */;
			buildPhases = (
				4C62369D25C94C3E007366EE /* Sources */,
				4C62369E25C94C3E007366EE /* Frameworks */,
				4C62369F25C94C3E007366EE /* Resources */,
			);
			buildRules = (
			);
			dependencies = (
				4C6236A325C94C3E007366EE /* PBXTargetDependency */,
			);
			name = ObjcToolsUITests;
			productName = ObjcToolsUITests;
			productReference = 4C6236A125C94C3E007366EE /* ObjcToolsUITests.xctest */;
			productType = "com.apple.product-type.bundle.ui-testing";
		};
/* End PBXNativeTarget section */

/* Begin PBXProject section */
		4C62367325C94C3D007366EE /* Project object */ = {
			isa = PBXProject;
			attributes = {
				LastUpgradeCheck = 1230;
				ORGANIZATIONNAME = wangergang;
				TargetAttributes = {
					4C62367A25C94C3D007366EE = {
						CreatedOnToolsVersion = 12.3;
						LastSwiftMigration = 1230;
					};
					4C62369525C94C3E007366EE = {
						CreatedOnToolsVersion = 12.3;
						TestTargetID = 4C62367A25C94C3D007366EE;
					};
					4C6236A025C94C3E007366EE = {
						CreatedOnToolsVersion = 12.3;
						TestTargetID = 4C62367A25C94C3D007366EE;
					};
				};
			};
			buildConfigurationList = 4C62367625C94C3D007366EE /* Build configuration list for PBXProject "ObjcTools" */;
			compatibilityVersion = "Xcode 9.3";
			developmentRegion = en;
			hasScannedForEncodings = 0;
			knownRegions = (
				en,
				Base,
			);
			mainGroup = 4C62367225C94C3D007366EE;
			productRefGroup = 4C62367C25C94C3D007366EE /* Products */;
			projectDirPath = "";
			projectRoot = "";
			targets = (
				4C62367A25C94C3D007366EE /* ObjcTools */,
				4C62369525C94C3E007366EE /* ObjcToolsTests */,
				4C6236A025C94C3E007366EE /* ObjcToolsUITests */,
			);
		};
/* End PBXProject section */

/* Begin PBXResourcesBuildPhase section */
		4C62367925C94C3D007366EE /* Resources */ = {
			isa = PBXResourcesBuildPhase;
			buildActionMask = 2147483647;
			files = (
				4C623AE125CBF32B007366EE /* live_poll_loading.gif in Resources */,
				4C62368E25C94C3E007366EE /* LaunchScreen.storyboard in Resources */,
				4C623B8525CBFC6A007366EE /* XH_Home_list.json in Resources */,
				4C62368B25C94C3E007366EE /* Assets.xcassets in Resources */,
				4C62368925C94C3D007366EE /* Main.storyboard in Resources */,
			);
			runOnlyForDeploymentPostprocessing = 0;
		};
		4C62369425C94C3E007366EE /* Resources */ = {
			isa = PBXResourcesBuildPhase;
			buildActionMask = 2147483647;
			files = (
			);
			runOnlyForDeploymentPostprocessing = 0;
		};
		4C62369F25C94C3E007366EE /* Resources */ = {
			isa = PBXResourcesBuildPhase;
			buildActionMask = 2147483647;
			files = (
			);
			runOnlyForDeploymentPostprocessing = 0;
		};
/* End PBXResourcesBuildPhase section */

/* Begin PBXShellScriptBuildPhase section */
		D57EFE652224A0130AE5CD01 /* [CP] Embed Pods Frameworks */ = {
			isa = PBXShellScriptBuildPhase;
			buildActionMask = 2147483647;
			files = (
			);
			inputFileListPaths = (
				"${PODS_ROOT}/Target Support Files/Pods-ObjcTools/Pods-ObjcTools-frameworks-${CONFIGURATION}-input-files.xcfilelist",
			);
			name = "[CP] Embed Pods Frameworks";
			outputFileListPaths = (
				"${PODS_ROOT}/Target Support Files/Pods-ObjcTools/Pods-ObjcTools-frameworks-${CONFIGURATION}-output-files.xcfilelist",
			);
			runOnlyForDeploymentPostprocessing = 0;
			shellPath = /bin/sh;
			shellScript = "\"${PODS_ROOT}/Target Support Files/Pods-ObjcTools/Pods-ObjcTools-frameworks.sh\"\n";
			showEnvVarsInLog = 0;
		};
		FDCAC1265781739AF8B2837B /* [CP] Check Pods Manifest.lock */ = {
			isa = PBXShellScriptBuildPhase;
			buildActionMask = 2147483647;
			files = (
			);
			inputFileListPaths = (
			);
			inputPaths = (
				"${PODS_PODFILE_DIR_PATH}/Podfile.lock",
				"${PODS_ROOT}/Manifest.lock",
			);
			name = "[CP] Check Pods Manifest.lock";
			outputFileListPaths = (
			);
			outputPaths = (
				"$(DERIVED_FILE_DIR)/Pods-ObjcTools-checkManifestLockResult.txt",
			);
			runOnlyForDeploymentPostprocessing = 0;
			shellPath = /bin/sh;
			shellScript = "diff \"${PODS_PODFILE_DIR_PATH}/Podfile.lock\" \"${PODS_ROOT}/Manifest.lock\" > /dev/null\nif [ $? != 0 ] ; then\n    # print error to STDERR\n    echo \"error: The sandbox is not in sync with the Podfile.lock. Run 'pod install' or update your CocoaPods installation.\" >&2\n    exit 1\nfi\n# This output is used by Xcode 'outputs' to avoid re-running this script phase.\necho \"SUCCESS\" > \"${SCRIPT_OUTPUT_FILE_0}\"\n";
			showEnvVarsInLog = 0;
		};
/* End PBXShellScriptBuildPhase section */

/* Begin PBXSourcesBuildPhase section */
		4C62367725C94C3D007366EE /* Sources */ = {
			isa = PBXSourcesBuildPhase;
			buildActionMask = 2147483647;
			files = (
				4C6239D025CBD3D9007366EE /* XHHUDTools.m in Sources */,
				4C623B3125CBF483007366EE /* UIImage+Common.m in Sources */,
				4C6239BF25CBD2D9007366EE /* XHMessageViewController.m in Sources */,
				4C623C5725CCDFDB007366EE /* BaseNavigationViewController.m in Sources */,
				4C62375F25C95C76007366EE /* UICollectionViewCell+Extension.m in Sources */,
				4C623BD025CCCF2C007366EE /* XHHomeViewModel.m in Sources */,
				4C62370825C958C7007366EE /* WEGExcessiveViewController.m in Sources */,
				4C62368625C94C3D007366EE /* ViewController.m in Sources */,
				4C62373525C95C27007366EE /* UIView+Extension.m in Sources */,
				4C62368025C94C3D007366EE /* AppDelegate.m in Sources */,
				4C623ACB25CBEEEA007366EE /* WEGBaseScrollViewController.m in Sources */,
				4C62396625CBC202007366EE /* XHMarketManager.m in Sources */,
				4C62374D25C95C52007366EE /* UIButton+Extension.m in Sources */,
				4C62374725C95C45007366EE /* UILabel+Extension.m in Sources */,
				4C623B3725CBF4AD007366EE /* UIImage+Alpha.m in Sources */,
				4C623B7025CBF862007366EE /* XHHomeViewCell.m in Sources */,
				4C623B5625CBF6B4007366EE /* NSData+Common.m in Sources */,
				4C623B4725CBF503007366EE /* XHPathUtility.m in Sources */,
				4C623A9325CBDE16007366EE /* NSDictionary+Extension.m in Sources */,
				4C623BEB25CCD584007366EE /* BaseWebViewModel.m in Sources */,
				4C623A8A25CBDDE1007366EE /* NSDictionary+SafeObject.m in Sources */,
				4C62372E25C95BE6007366EE /* UIImage+Extension.m in Sources */,
				4C623AB825CBE3D3007366EE /* ToolInstance.swift in Sources */,
				4C623B2B25CBF444007366EE /* UIView+Animation.m in Sources */,
				4C62395925CBC106007366EE /* BaseTabBarController.m in Sources */,
				4C623C4825CCDC0C007366EE /* UIResponder+Extension.m in Sources */,
				4C6239B325CBD2C9007366EE /* XHHomeViewController.m in Sources */,
				4C62377125C95C92007366EE /* UICollectionReusableView+Extension.m in Sources */,
				4C62376525C95C7E007366EE /* UITableView+Extension.m in Sources */,
				4C623BF525CCD6A1007366EE /* NSObject+Extension.m in Sources */,
				4C6239C625CBD2F0007366EE /* XHMeViewController.m in Sources */,
				4C62375325C95C60007366EE /* NSDate+Extension.m in Sources */,
				4C623AA925CBDED8007366EE /* NullSafe.m in Sources */,
				4C623B5D25CBF721007366EE /* GTMBase64.m in Sources */,
				4C623AA325CBDE8D007366EE /* NSArray+SafeObjectAt.m in Sources */,
				4C623AD125CBEEF3007366EE /* WEGBaseTBViewController.m in Sources */,
				4C62377725C95CAF007366EE /* UIViewController+Extension.m in Sources */,
				4C62375925C95C70007366EE /* UICollectionView+Extension.m in Sources */,
				4C623BD725CCD18C007366EE /* ScreenShotViewController.m in Sources */,
				4C6236E825C9581E007366EE /* BaseModel.m in Sources */,
				4C6239B925CBD2D2007366EE /* XHFindViewController.m in Sources */,
				4C62374125C95C3B007366EE /* UIColor+Extension.m in Sources */,
				4C623B7C25CBFBE7007366EE /* JsonInstance.m in Sources */,
				4C62371B25C95B93007366EE /* NSString+Extension.m in Sources */,
				4C623A8025CBDBB4007366EE /* JPushInstance.m in Sources */,
				4C62376B25C95C85007366EE /* UITableViewCell+Extension.m in Sources */,
				4C62395F25CBC14D007366EE /* BaseTabBar.m in Sources */,
				4C623BE425CCD507007366EE /* BaseWebViewController.m in Sources */,
				4C623B6425CBF802007366EE /* WEGBaseTBCell.m in Sources */,
				4C623C6325CCEB8B007366EE /* UIButton+Action.m in Sources */,
				4C6236F225C9585E007366EE /* WEGBaseView.m in Sources */,
				4C623B6A25CBF80C007366EE /* WEGBaseCLCell.m in Sources */,
				4C623AB125CBE2C4007366EE /* ThirdExtension.swift in Sources */,
				4C623AD725CBEEFC007366EE /* WEGBaseCLViewController.m in Sources */,
				4C62372825C95BDF007366EE /* UIImageView+Extension.m in Sources */,
				4C6236FB25C9586F007366EE /* WEGBaseAlertView.m in Sources */,
				4C623D2D25CD4DFC007366EE /* XHRACViewController.m in Sources */,
				4C62370225C958A4007366EE /* WEGBaseViewController.m in Sources */,
				4C6238A225CB8442007366EE /* AppDelegate+Extension.m in Sources */,
				4C62379D25C95E66007366EE /* UtilsMacro.m in Sources */,
				4C623C5125CCDE23007366EE /* UINavigationController+Extension.m in Sources */,
				4C62378725C95DD1007366EE /* Test.swift in Sources */,
				4C623A7225CBD9F7007366EE /* UIView+Addition.m in Sources */,
				4C62373B25C95C31007366EE /* UIFont+Extension.m in Sources */,
				4C623A9A25CBDE70007366EE /* NSArray+Extension.m in Sources */,
				4C623A7925CBDB35007366EE /* XHProtocolResolver.m in Sources */,
				4C62369125C94C3E007366EE /* main.m in Sources */,
				4C6237A925C95FEA007366EE /* Constants.m in Sources */,
				4C623B5025CBF618007366EE /* NSString+Common.m in Sources */,
				4C623AC125CBE47A007366EE /* Color+Extension.swift in Sources */,
			);
			runOnlyForDeploymentPostprocessing = 0;
		};
		4C62369225C94C3E007366EE /* Sources */ = {
			isa = PBXSourcesBuildPhase;
			buildActionMask = 2147483647;
			files = (
				4C62369B25C94C3E007366EE /* ObjcToolsTests.m in Sources */,
			);
			runOnlyForDeploymentPostprocessing = 0;
		};
		4C62369D25C94C3E007366EE /* Sources */ = {
			isa = PBXSourcesBuildPhase;
			buildActionMask = 2147483647;
			files = (
				4C6236A625C94C3E007366EE /* ObjcToolsUITests.m in Sources */,
			);
			runOnlyForDeploymentPostprocessing = 0;
		};
/* End PBXSourcesBuildPhase section */

/* Begin PBXTargetDependency section */
		4C62369825C94C3E007366EE /* PBXTargetDependency */ = {
			isa = PBXTargetDependency;
			target = 4C62367A25C94C3D007366EE /* ObjcTools */;
			targetProxy = 4C62369725C94C3E007366EE /* PBXContainerItemProxy */;
		};
		4C6236A325C94C3E007366EE /* PBXTargetDependency */ = {
			isa = PBXTargetDependency;
			target = 4C62367A25C94C3D007366EE /* ObjcTools */;
			targetProxy = 4C6236A225C94C3E007366EE /* PBXContainerItemProxy */;
		};
/* End PBXTargetDependency section */

/* Begin PBXVariantGroup section */
		4C62368725C94C3D007366EE /* Main.storyboard */ = {
			isa = PBXVariantGroup;
			children = (
				4C62368825C94C3D007366EE /* Base */,
			);
			name = Main.storyboard;
			sourceTree = "<group>";
		};
		4C62368C25C94C3E007366EE /* LaunchScreen.storyboard */ = {
			isa = PBXVariantGroup;
			children = (
				4C62368D25C94C3E007366EE /* Base */,
			);
			name = LaunchScreen.storyboard;
			sourceTree = "<group>";
		};
/* End PBXVariantGroup section */

/* Begin XCBuildConfiguration section */
		4C6236A825C94C3E007366EE /* Debug */ = {
			isa = XCBuildConfiguration;
			buildSettings = {
				ALWAYS_SEARCH_USER_PATHS = NO;
				CLANG_ANALYZER_NONNULL = YES;
				CLANG_ANALYZER_NUMBER_OBJECT_CONVERSION = YES_AGGRESSIVE;
				CLANG_CXX_LANGUAGE_STANDARD = "gnu++14";
				CLANG_CXX_LIBRARY = "libc++";
				CLANG_ENABLE_MODULES = YES;
				CLANG_ENABLE_OBJC_ARC = YES;
				CLANG_ENABLE_OBJC_WEAK = YES;
				CLANG_WARN_BLOCK_CAPTURE_AUTORELEASING = YES;
				CLANG_WARN_BOOL_CONVERSION = YES;
				CLANG_WARN_COMMA = YES;
				CLANG_WARN_CONSTANT_CONVERSION = YES;
				CLANG_WARN_DEPRECATED_OBJC_IMPLEMENTATIONS = YES;
				CLANG_WARN_DIRECT_OBJC_ISA_USAGE = YES_ERROR;
				CLANG_WARN_DOCUMENTATION_COMMENTS = YES;
				CLANG_WARN_EMPTY_BODY = YES;
				CLANG_WARN_ENUM_CONVERSION = YES;
				CLANG_WARN_INFINITE_RECURSION = YES;
				CLANG_WARN_INT_CONVERSION = YES;
				CLANG_WARN_NON_LITERAL_NULL_CONVERSION = YES;
				CLANG_WARN_OBJC_IMPLICIT_RETAIN_SELF = YES;
				CLANG_WARN_OBJC_LITERAL_CONVERSION = YES;
				CLANG_WARN_OBJC_ROOT_CLASS = YES_ERROR;
				CLANG_WARN_QUOTED_INCLUDE_IN_FRAMEWORK_HEADER = YES;
				CLANG_WARN_RANGE_LOOP_ANALYSIS = YES;
				CLANG_WARN_STRICT_PROTOTYPES = YES;
				CLANG_WARN_SUSPICIOUS_MOVE = YES;
				CLANG_WARN_UNGUARDED_AVAILABILITY = YES_AGGRESSIVE;
				CLANG_WARN_UNREACHABLE_CODE = YES;
				CLANG_WARN__DUPLICATE_METHOD_MATCH = YES;
				COPY_PHASE_STRIP = NO;
				DEBUG_INFORMATION_FORMAT = dwarf;
				ENABLE_STRICT_OBJC_MSGSEND = YES;
				ENABLE_TESTABILITY = YES;
				GCC_C_LANGUAGE_STANDARD = gnu11;
				GCC_DYNAMIC_NO_PIC = NO;
				GCC_NO_COMMON_BLOCKS = YES;
				GCC_OPTIMIZATION_LEVEL = 0;
				GCC_PREPROCESSOR_DEFINITIONS = (
					"DEBUG=1",
					"$(inherited)",
				);
				GCC_WARN_64_TO_32_BIT_CONVERSION = YES;
				GCC_WARN_ABOUT_RETURN_TYPE = YES_ERROR;
				GCC_WARN_UNDECLARED_SELECTOR = YES;
				GCC_WARN_UNINITIALIZED_AUTOS = YES_AGGRESSIVE;
				GCC_WARN_UNUSED_FUNCTION = YES;
				GCC_WARN_UNUSED_VARIABLE = YES;
				IPHONEOS_DEPLOYMENT_TARGET = 14.3;
				MTL_ENABLE_DEBUG_INFO = INCLUDE_SOURCE;
				MTL_FAST_MATH = YES;
				ONLY_ACTIVE_ARCH = YES;
				SDKROOT = iphoneos;
			};
			name = Debug;
		};
		4C6236A925C94C3E007366EE /* Release */ = {
			isa = XCBuildConfiguration;
			buildSettings = {
				ALWAYS_SEARCH_USER_PATHS = NO;
				CLANG_ANALYZER_NONNULL = YES;
				CLANG_ANALYZER_NUMBER_OBJECT_CONVERSION = YES_AGGRESSIVE;
				CLANG_CXX_LANGUAGE_STANDARD = "gnu++14";
				CLANG_CXX_LIBRARY = "libc++";
				CLANG_ENABLE_MODULES = YES;
				CLANG_ENABLE_OBJC_ARC = YES;
				CLANG_ENABLE_OBJC_WEAK = YES;
				CLANG_WARN_BLOCK_CAPTURE_AUTORELEASING = YES;
				CLANG_WARN_BOOL_CONVERSION = YES;
				CLANG_WARN_COMMA = YES;
				CLANG_WARN_CONSTANT_CONVERSION = YES;
				CLANG_WARN_DEPRECATED_OBJC_IMPLEMENTATIONS = YES;
				CLANG_WARN_DIRECT_OBJC_ISA_USAGE = YES_ERROR;
				CLANG_WARN_DOCUMENTATION_COMMENTS = YES;
				CLANG_WARN_EMPTY_BODY = YES;
				CLANG_WARN_ENUM_CONVERSION = YES;
				CLANG_WARN_INFINITE_RECURSION = YES;
				CLANG_WARN_INT_CONVERSION = YES;
				CLANG_WARN_NON_LITERAL_NULL_CONVERSION = YES;
				CLANG_WARN_OBJC_IMPLICIT_RETAIN_SELF = YES;
				CLANG_WARN_OBJC_LITERAL_CONVERSION = YES;
				CLANG_WARN_OBJC_ROOT_CLASS = YES_ERROR;
				CLANG_WARN_QUOTED_INCLUDE_IN_FRAMEWORK_HEADER = YES;
				CLANG_WARN_RANGE_LOOP_ANALYSIS = YES;
				CLANG_WARN_STRICT_PROTOTYPES = YES;
				CLANG_WARN_SUSPICIOUS_MOVE = YES;
				CLANG_WARN_UNGUARDED_AVAILABILITY = YES_AGGRESSIVE;
				CLANG_WARN_UNREACHABLE_CODE = YES;
				CLANG_WARN__DUPLICATE_METHOD_MATCH = YES;
				COPY_PHASE_STRIP = NO;
				DEBUG_INFORMATION_FORMAT = "dwarf-with-dsym";
				ENABLE_NS_ASSERTIONS = NO;
				ENABLE_STRICT_OBJC_MSGSEND = YES;
				GCC_C_LANGUAGE_STANDARD = gnu11;
				GCC_NO_COMMON_BLOCKS = YES;
				GCC_WARN_64_TO_32_BIT_CONVERSION = YES;
				GCC_WARN_ABOUT_RETURN_TYPE = YES_ERROR;
				GCC_WARN_UNDECLARED_SELECTOR = YES;
				GCC_WARN_UNINITIALIZED_AUTOS = YES_AGGRESSIVE;
				GCC_WARN_UNUSED_FUNCTION = YES;
				GCC_WARN_UNUSED_VARIABLE = YES;
				IPHONEOS_DEPLOYMENT_TARGET = 14.3;
				MTL_ENABLE_DEBUG_INFO = NO;
				MTL_FAST_MATH = YES;
				SDKROOT = iphoneos;
				VALIDATE_PRODUCT = YES;
			};
			name = Release;
		};
		4C6236AB25C94C3E007366EE /* Debug */ = {
			isa = XCBuildConfiguration;
			baseConfigurationReference = 702FF38F2BD5DA2F33C94C29 /* Pods-ObjcTools.debug.xcconfig */;
			buildSettings = {
				ASSETCATALOG_COMPILER_APPICON_NAME = AppIcon;
				ASSETCATALOG_COMPILER_GLOBAL_ACCENT_COLOR_NAME = AccentColor;
				CLANG_ENABLE_MODULES = YES;
				CODE_SIGN_STYLE = Automatic;
				DEVELOPMENT_TEAM = L2Z94BFC7Q;
				GCC_PRECOMPILE_PREFIX_HEADER = YES;
				GCC_PREFIX_HEADER = "$(SRCROOT)/ObjcTools/SupportingFiles/PrefixHeader.h";
				INFOPLIST_FILE = "$(SRCROOT)/ObjcTools/SupportingFiles/Info.plist";
				IPHONEOS_DEPLOYMENT_TARGET = 10.0;
				LD_RUNPATH_SEARCH_PATHS = (
					"$(inherited)",
					"@executable_path/Frameworks",
				);
				PRODUCT_BUNDLE_IDENTIFIER = com.addobjc.ObjcTools;
				PRODUCT_NAME = "$(TARGET_NAME)";
				SWIFT_OBJC_BRIDGING_HEADER = "ObjcTools/SupportingFiles/ObjcTools-Bridging-Header.h";
				SWIFT_OPTIMIZATION_LEVEL = "-Onone";
				SWIFT_VERSION = 5.0;
				TARGETED_DEVICE_FAMILY = "1,2";
			};
			name = Debug;
		};
		4C6236AC25C94C3E007366EE /* Release */ = {
			isa = XCBuildConfiguration;
			baseConfigurationReference = 91123BEB521159F33E44D303 /* Pods-ObjcTools.release.xcconfig */;
			buildSettings = {
				ASSETCATALOG_COMPILER_APPICON_NAME = AppIcon;
				ASSETCATALOG_COMPILER_GLOBAL_ACCENT_COLOR_NAME = AccentColor;
				CLANG_ENABLE_MODULES = YES;
				CODE_SIGN_STYLE = Automatic;
				DEVELOPMENT_TEAM = L2Z94BFC7Q;
				GCC_PRECOMPILE_PREFIX_HEADER = YES;
				GCC_PREFIX_HEADER = "$(SRCROOT)/ObjcTools/SupportingFiles/PrefixHeader.h";
				INFOPLIST_FILE = "$(SRCROOT)/ObjcTools/SupportingFiles/Info.plist";
				IPHONEOS_DEPLOYMENT_TARGET = 10.0;
				LD_RUNPATH_SEARCH_PATHS = (
					"$(inherited)",
					"@executable_path/Frameworks",
				);
				PRODUCT_BUNDLE_IDENTIFIER = com.addobjc.ObjcTools;
				PRODUCT_NAME = "$(TARGET_NAME)";
				SWIFT_OBJC_BRIDGING_HEADER = "ObjcTools/SupportingFiles/ObjcTools-Bridging-Header.h";
				SWIFT_VERSION = 5.0;
				TARGETED_DEVICE_FAMILY = "1,2";
			};
			name = Release;
		};
		4C6236AE25C94C3E007366EE /* Debug */ = {
			isa = XCBuildConfiguration;
			buildSettings = {
				ALWAYS_EMBED_SWIFT_STANDARD_LIBRARIES = YES;
				BUNDLE_LOADER = "$(TEST_HOST)";
				CODE_SIGN_STYLE = Automatic;
				DEVELOPMENT_TEAM = L2Z94BFC7Q;
				INFOPLIST_FILE = ObjcToolsTests/Info.plist;
				IPHONEOS_DEPLOYMENT_TARGET = 14.3;
				LD_RUNPATH_SEARCH_PATHS = (
					"$(inherited)",
					"@executable_path/Frameworks",
					"@loader_path/Frameworks",
				);
				PRODUCT_BUNDLE_IDENTIFIER = com.doulanlive.doulan.ObjcToolsTests;
				PRODUCT_NAME = "$(TARGET_NAME)";
				TARGETED_DEVICE_FAMILY = "1,2";
				TEST_HOST = "$(BUILT_PRODUCTS_DIR)/ObjcTools.app/ObjcTools";
			};
			name = Debug;
		};
		4C6236AF25C94C3E007366EE /* Release */ = {
			isa = XCBuildConfiguration;
			buildSettings = {
				ALWAYS_EMBED_SWIFT_STANDARD_LIBRARIES = YES;
				BUNDLE_LOADER = "$(TEST_HOST)";
				CODE_SIGN_STYLE = Automatic;
				DEVELOPMENT_TEAM = L2Z94BFC7Q;
				INFOPLIST_FILE = ObjcToolsTests/Info.plist;
				IPHONEOS_DEPLOYMENT_TARGET = 14.3;
				LD_RUNPATH_SEARCH_PATHS = (
					"$(inherited)",
					"@executable_path/Frameworks",
					"@loader_path/Frameworks",
				);
				PRODUCT_BUNDLE_IDENTIFIER = com.doulanlive.doulan.ObjcToolsTests;
				PRODUCT_NAME = "$(TARGET_NAME)";
				TARGETED_DEVICE_FAMILY = "1,2";
				TEST_HOST = "$(BUILT_PRODUCTS_DIR)/ObjcTools.app/ObjcTools";
			};
			name = Release;
		};
		4C6236B125C94C3E007366EE /* Debug */ = {
			isa = XCBuildConfiguration;
			buildSettings = {
				ALWAYS_EMBED_SWIFT_STANDARD_LIBRARIES = YES;
				CODE_SIGN_STYLE = Automatic;
				DEVELOPMENT_TEAM = L2Z94BFC7Q;
				INFOPLIST_FILE = ObjcToolsUITests/Info.plist;
				LD_RUNPATH_SEARCH_PATHS = (
					"$(inherited)",
					"@executable_path/Frameworks",
					"@loader_path/Frameworks",
				);
				PRODUCT_BUNDLE_IDENTIFIER = com.doulanlive.doulan.ObjcToolsUITests;
				PRODUCT_NAME = "$(TARGET_NAME)";
				TARGETED_DEVICE_FAMILY = "1,2";
				TEST_TARGET_NAME = ObjcTools;
			};
			name = Debug;
		};
		4C6236B225C94C3E007366EE /* Release */ = {
			isa = XCBuildConfiguration;
			buildSettings = {
				ALWAYS_EMBED_SWIFT_STANDARD_LIBRARIES = YES;
				CODE_SIGN_STYLE = Automatic;
				DEVELOPMENT_TEAM = L2Z94BFC7Q;
				INFOPLIST_FILE = ObjcToolsUITests/Info.plist;
				LD_RUNPATH_SEARCH_PATHS = (
					"$(inherited)",
					"@executable_path/Frameworks",
					"@loader_path/Frameworks",
				);
				PRODUCT_BUNDLE_IDENTIFIER = com.doulanlive.doulan.ObjcToolsUITests;
				PRODUCT_NAME = "$(TARGET_NAME)";
				TARGETED_DEVICE_FAMILY = "1,2";
				TEST_TARGET_NAME = ObjcTools;
			};
			name = Release;
		};
/* End XCBuildConfiguration section */

/* Begin XCConfigurationList section */
		4C62367625C94C3D007366EE /* Build configuration list for PBXProject "ObjcTools" */ = {
			isa = XCConfigurationList;
			buildConfigurations = (
				4C6236A825C94C3E007366EE /* Debug */,
				4C6236A925C94C3E007366EE /* Release */,
			);
			defaultConfigurationIsVisible = 0;
			defaultConfigurationName = Release;
		};
		4C6236AA25C94C3E007366EE /* Build configuration list for PBXNativeTarget "ObjcTools" */ = {
			isa = XCConfigurationList;
			buildConfigurations = (
				4C6236AB25C94C3E007366EE /* Debug */,
				4C6236AC25C94C3E007366EE /* Release */,
			);
			defaultConfigurationIsVisible = 0;
			defaultConfigurationName = Release;
		};
		4C6236AD25C94C3E007366EE /* Build configuration list for PBXNativeTarget "ObjcToolsTests" */ = {
			isa = XCConfigurationList;
			buildConfigurations = (
				4C6236AE25C94C3E007366EE /* Debug */,
				4C6236AF25C94C3E007366EE /* Release */,
			);
			defaultConfigurationIsVisible = 0;
			defaultConfigurationName = Release;
		};
		4C6236B025C94C3E007366EE /* Build configuration list for PBXNativeTarget "ObjcToolsUITests" */ = {
			isa = XCConfigurationList;
			buildConfigurations = (
				4C6236B125C94C3E007366EE /* Debug */,
				4C6236B225C94C3E007366EE /* Release */,
			);
			defaultConfigurationIsVisible = 0;
			defaultConfigurationName = Release;
		};
/* End XCConfigurationList section */
	};
	rootObject = 4C62367325C94C3D007366EE /* Project object */;
}
